{
  "object": {
    "pins": [
      {
        "package": "NetUtils",
        "repositoryURL": "https://github.com/ivirtex/swift-netutils.git",
        "state": {
          "branch": null,
          "revision": "95ed1c16420d206d87eb3e5cc189913a2b80ea62",
          "version": "4.2.0"
        }
      }
    ]
  },
  "version": 1
}
