PODS:
  - FGRoute (1.0.5)
  - Networking (4.4.0)
  - SwiftyJSON (4.3.0)
  - SwiftyStoreKit (0.16.1)

DEPENDENCIES:
  - FGRoute
  - Networking (~> 4)
  - SwiftyJSON (~> 4.0)
  - SwiftyStoreKit

SPEC REPOS:
  trunk:
    - FGRoute
    - Networking
    - SwiftyJSON
    - SwiftyStoreKit

SPEC CHECKSUMS:
  FGRoute: 012077ebabb2841d2af3baf63b30e72841f35ba1
  Networking: cbef47ab030af248248c26a696adb88989b52ef1
  SwiftyJSON: 6faa0040f8b59dead0ee07436cbf76b73c08fd08
  SwiftyStoreKit: 6b9c08810269f030586dac1fae8e75871a82e84a

PODFILE CHECKSUM: 3408d9e9c8834831b4b4b2a4c727f3b2f541ddf8

COCOAPODS: 1.9.3
