// !$*UTF8*$!
{
	archiveVersion = 1;
	classes = {
	};
	objectVersion = 50;
	objects = {

/* Begin PBXBuildFile section */
		2C7CA8AB7D619CA488F78496 /* Pods_NetworkArchTests.framework in Frameworks */ = {isa = PBXBuildFile; fileRef = 70E2068283E22FA6F624A304 /* Pods_NetworkArchTests.framework */; };
		68AB4162713D65584B3F9767 /* Pods_NetworkArch_NetworkArchUITests.framework in Frameworks */ = {isa = PBXBuildFile; fileRef = 5702178074DA592C45149FBA /* Pods_NetworkArch_NetworkArchUITests.framework */; };
		DDEBD44024D41EB100623F3F /* NetworkArchApp.swift in Sources */ = {isa = PBXBuildFile; fileRef = DDEBD43F24D41EB100623F3F /* NetworkArchApp.swift */; };
		DDEBD44224D41EB100623F3F /* ContentView.swift in Sources */ = {isa = PBXBuildFile; fileRef = DDEBD44124D41EB100623F3F /* ContentView.swift */; };
		DDEBD44424D41EB300623F3F /* Assets.xcassets in Resources */ = {isa = PBXBuildFile; fileRef = DDEBD44324D41EB300623F3F /* Assets.xcassets */; };
		DDEBD44724D41EB300623F3F /* Preview Assets.xcassets in Resources */ = {isa = PBXBuildFile; fileRef = DDEBD44624D41EB300623F3F /* Preview Assets.xcassets */; };
		DDEBD45224D41EB300623F3F /* NetworkArchTests.swift in Sources */ = {isa = PBXBuildFile; fileRef = DDEBD45124D41EB300623F3F /* NetworkArchTests.swift */; };
		DDEBD45D24D41EB300623F3F /* NetworkArchUITests.swift in Sources */ = {isa = PBXBuildFile; fileRef = DDEBD45C24D41EB300623F3F /* NetworkArchUITests.swift */; };
		DDEBD46B24D41FF700623F3F /* OverviewTab.swift in Sources */ = {isa = PBXBuildFile; fileRef = DDEBD46A24D41FF700623F3F /* OverviewTab.swift */; };
		DDEBD46D24D4200E00623F3F /* SettingsTab.swift in Sources */ = {isa = PBXBuildFile; fileRef = DDEBD46C24D4200E00623F3F /* SettingsTab.swift */; };
		DDEBD46F24D4234100623F3F /* WiFiHeader.swift in Sources */ = {isa = PBXBuildFile; fileRef = DDEBD46E24D4234100623F3F /* WiFiHeader.swift */; };
		DDEBD47124D4235B00623F3F /* WiFiSection.swift in Sources */ = {isa = PBXBuildFile; fileRef = DDEBD47024D4235B00623F3F /* WiFiSection.swift */; };
		DDEBD47324D423D000623F3F /* CellularHeader.swift in Sources */ = {isa = PBXBuildFile; fileRef = DDEBD47224D423D000623F3F /* CellularHeader.swift */; };
		DDEBD47524D423F900623F3F /* CellularSection.swift in Sources */ = {isa = PBXBuildFile; fileRef = DDEBD47424D423F900623F3F /* CellularSection.swift */; };
		DDEBD47724D4243D00623F3F /* ToolsHeader.swift in Sources */ = {isa = PBXBuildFile; fileRef = DDEBD47624D4243D00623F3F /* ToolsHeader.swift */; };
		DDEBD47E24D4257100623F3F /* ToolsView.swift in Sources */ = {isa = PBXBuildFile; fileRef = DDEBD47D24D4257100623F3F /* ToolsView.swift */; };
		ED379F628AEA72C8A06FD325 /* Pods_NetworkArch.framework in Frameworks */ = {isa = PBXBuildFile; fileRef = 8AFA322CB1707064FE7A84E3 /* Pods_NetworkArch.framework */; };
/* End PBXBuildFile section */

/* Begin PBXContainerItemProxy section */
		DDEBD44E24D41EB300623F3F /* PBXContainerItemProxy */ = {
			isa = PBXContainerItemProxy;
			containerPortal = DDEBD43424D41EB100623F3F /* Project object */;
			proxyType = 1;
			remoteGlobalIDString = DDEBD43B24D41EB100623F3F;
			remoteInfo = NetworkArch;
		};
		DDEBD45924D41EB300623F3F /* PBXContainerItemProxy */ = {
			isa = PBXContainerItemProxy;
			containerPortal = DDEBD43424D41EB100623F3F /* Project object */;
			proxyType = 1;
			remoteGlobalIDString = DDEBD43B24D41EB100623F3F;
			remoteInfo = NetworkArch;
		};
/* End PBXContainerItemProxy section */

/* Begin PBXFileReference section */
		1662B306F47C4B4B8BA9F73E /* Pods-NetworkArch-NetworkArchUITests.release.xcconfig */ = {isa = PBXFileReference; includeInIndex = 1; lastKnownFileType = text.xcconfig; name = "Pods-NetworkArch-NetworkArchUITests.release.xcconfig"; path = "Target Support Files/Pods-NetworkArch-NetworkArchUITests/Pods-NetworkArch-NetworkArchUITests.release.xcconfig"; sourceTree = "<group>"; };
		199A8A6463C8C98D4574F83A /* Pods-NetworkArchTests.debug.xcconfig */ = {isa = PBXFileReference; includeInIndex = 1; lastKnownFileType = text.xcconfig; name = "Pods-NetworkArchTests.debug.xcconfig"; path = "Target Support Files/Pods-NetworkArchTests/Pods-NetworkArchTests.debug.xcconfig"; sourceTree = "<group>"; };
		42FD5474FD74F0B70B5761FC /* Pods-NetworkArch.release.xcconfig */ = {isa = PBXFileReference; includeInIndex = 1; lastKnownFileType = text.xcconfig; name = "Pods-NetworkArch.release.xcconfig"; path = "Target Support Files/Pods-NetworkArch/Pods-NetworkArch.release.xcconfig"; sourceTree = "<group>"; };
		5702178074DA592C45149FBA /* Pods_NetworkArch_NetworkArchUITests.framework */ = {isa = PBXFileReference; explicitFileType = wrapper.framework; includeInIndex = 0; path = Pods_NetworkArch_NetworkArchUITests.framework; sourceTree = BUILT_PRODUCTS_DIR; };
		69488D6FB0ECEE742F92FF11 /* Pods-NetworkArch-NetworkArchUITests.debug.xcconfig */ = {isa = PBXFileReference; includeInIndex = 1; lastKnownFileType = text.xcconfig; name = "Pods-NetworkArch-NetworkArchUITests.debug.xcconfig"; path = "Target Support Files/Pods-NetworkArch-NetworkArchUITests/Pods-NetworkArch-NetworkArchUITests.debug.xcconfig"; sourceTree = "<group>"; };
		70E2068283E22FA6F624A304 /* Pods_NetworkArchTests.framework */ = {isa = PBXFileReference; explicitFileType = wrapper.framework; includeInIndex = 0; path = Pods_NetworkArchTests.framework; sourceTree = BUILT_PRODUCTS_DIR; };
		86716AC15C9DF766370BEB55 /* Pods-NetworkArchTests.release.xcconfig */ = {isa = PBXFileReference; includeInIndex = 1; lastKnownFileType = text.xcconfig; name = "Pods-NetworkArchTests.release.xcconfig"; path = "Target Support Files/Pods-NetworkArchTests/Pods-NetworkArchTests.release.xcconfig"; sourceTree = "<group>"; };
		8AFA322CB1707064FE7A84E3 /* Pods_NetworkArch.framework */ = {isa = PBXFileReference; explicitFileType = wrapper.framework; includeInIndex = 0; path = Pods_NetworkArch.framework; sourceTree = BUILT_PRODUCTS_DIR; };
		DDEBD43C24D41EB100623F3F /* NetworkArch.app */ = {isa = PBXFileReference; explicitFileType = wrapper.application; includeInIndex = 0; path = NetworkArch.app; sourceTree = BUILT_PRODUCTS_DIR; };
		DDEBD43F24D41EB100623F3F /* NetworkArchApp.swift */ = {isa = PBXFileReference; lastKnownFileType = sourcecode.swift; path = NetworkArchApp.swift; sourceTree = "<group>"; };
		DDEBD44124D41EB100623F3F /* ContentView.swift */ = {isa = PBXFileReference; lastKnownFileType = sourcecode.swift; path = ContentView.swift; sourceTree = "<group>"; };
		DDEBD44324D41EB300623F3F /* Assets.xcassets */ = {isa = PBXFileReference; lastKnownFileType = folder.assetcatalog; path = Assets.xcassets; sourceTree = "<group>"; };
		DDEBD44624D41EB300623F3F /* Preview Assets.xcassets */ = {isa = PBXFileReference; lastKnownFileType = folder.assetcatalog; path = "Preview Assets.xcassets"; sourceTree = "<group>"; };
		DDEBD44824D41EB300623F3F /* Info.plist */ = {isa = PBXFileReference; lastKnownFileType = text.plist.xml; path = Info.plist; sourceTree = "<group>"; };
		DDEBD44D24D41EB300623F3F /* NetworkArchTests.xctest */ = {isa = PBXFileReference; explicitFileType = wrapper.cfbundle; includeInIndex = 0; path = NetworkArchTests.xctest; sourceTree = BUILT_PRODUCTS_DIR; };
		DDEBD45124D41EB300623F3F /* NetworkArchTests.swift */ = {isa = PBXFileReference; lastKnownFileType = sourcecode.swift; path = NetworkArchTests.swift; sourceTree = "<group>"; };
		DDEBD45324D41EB300623F3F /* Info.plist */ = {isa = PBXFileReference; lastKnownFileType = text.plist.xml; path = Info.plist; sourceTree = "<group>"; };
		DDEBD45824D41EB300623F3F /* NetworkArchUITests.xctest */ = {isa = PBXFileReference; explicitFileType = wrapper.cfbundle; includeInIndex = 0; path = NetworkArchUITests.xctest; sourceTree = BUILT_PRODUCTS_DIR; };
		DDEBD45C24D41EB300623F3F /* NetworkArchUITests.swift */ = {isa = PBXFileReference; lastKnownFileType = sourcecode.swift; path = NetworkArchUITests.swift; sourceTree = "<group>"; };
		DDEBD45E24D41EB300623F3F /* Info.plist */ = {isa = PBXFileReference; lastKnownFileType = text.plist.xml; path = Info.plist; sourceTree = "<group>"; };
		DDEBD46A24D41FF700623F3F /* OverviewTab.swift */ = {isa = PBXFileReference; lastKnownFileType = sourcecode.swift; path = OverviewTab.swift; sourceTree = "<group>"; };
		DDEBD46C24D4200E00623F3F /* SettingsTab.swift */ = {isa = PBXFileReference; lastKnownFileType = sourcecode.swift; path = SettingsTab.swift; sourceTree = "<group>"; };
		DDEBD46E24D4234100623F3F /* WiFiHeader.swift */ = {isa = PBXFileReference; lastKnownFileType = sourcecode.swift; path = WiFiHeader.swift; sourceTree = "<group>"; };
		DDEBD47024D4235B00623F3F /* WiFiSection.swift */ = {isa = PBXFileReference; lastKnownFileType = sourcecode.swift; path = WiFiSection.swift; sourceTree = "<group>"; };
		DDEBD47224D423D000623F3F /* CellularHeader.swift */ = {isa = PBXFileReference; lastKnownFileType = sourcecode.swift; path = CellularHeader.swift; sourceTree = "<group>"; };
		DDEBD47424D423F900623F3F /* CellularSection.swift */ = {isa = PBXFileReference; lastKnownFileType = sourcecode.swift; path = CellularSection.swift; sourceTree = "<group>"; };
		DDEBD47624D4243D00623F3F /* ToolsHeader.swift */ = {isa = PBXFileReference; lastKnownFileType = sourcecode.swift; path = ToolsHeader.swift; sourceTree = "<group>"; };
		DDEBD47D24D4257100623F3F /* ToolsView.swift */ = {isa = PBXFileReference; lastKnownFileType = sourcecode.swift; path = ToolsView.swift; sourceTree = "<group>"; };
		F5C3CB4F23A54E10070604FD /* Pods-NetworkArch.debug.xcconfig */ = {isa = PBXFileReference; includeInIndex = 1; lastKnownFileType = text.xcconfig; name = "Pods-NetworkArch.debug.xcconfig"; path = "Target Support Files/Pods-NetworkArch/Pods-NetworkArch.debug.xcconfig"; sourceTree = "<group>"; };
/* End PBXFileReference section */

/* Begin PBXFrameworksBuildPhase section */
		DDEBD43924D41EB100623F3F /* Frameworks */ = {
			isa = PBXFrameworksBuildPhase;
			buildActionMask = 2147483647;
			files = (
				ED379F628AEA72C8A06FD325 /* Pods_NetworkArch.framework in Frameworks */,
			);
			runOnlyForDeploymentPostprocessing = 0;
		};
		DDEBD44A24D41EB300623F3F /* Frameworks */ = {
			isa = PBXFrameworksBuildPhase;
			buildActionMask = 2147483647;
			files = (
				2C7CA8AB7D619CA488F78496 /* Pods_NetworkArchTests.framework in Frameworks */,
			);
			runOnlyForDeploymentPostprocessing = 0;
		};
		DDEBD45524D41EB300623F3F /* Frameworks */ = {
			isa = PBXFrameworksBuildPhase;
			buildActionMask = 2147483647;
			files = (
				68AB4162713D65584B3F9767 /* Pods_NetworkArch_NetworkArchUITests.framework in Frameworks */,
			);
			runOnlyForDeploymentPostprocessing = 0;
		};
/* End PBXFrameworksBuildPhase section */

/* Begin PBXGroup section */
		0729737DDBCC4E7AC930A254 /* Frameworks */ = {
			isa = PBXGroup;
			children = (
				8AFA322CB1707064FE7A84E3 /* Pods_NetworkArch.framework */,
				5702178074DA592C45149FBA /* Pods_NetworkArch_NetworkArchUITests.framework */,
				70E2068283E22FA6F624A304 /* Pods_NetworkArchTests.framework */,
			);
			name = Frameworks;
			sourceTree = "<group>";
		};
		AB928706E598A11A1965A14C /* Pods */ = {
			isa = PBXGroup;
			children = (
				F5C3CB4F23A54E10070604FD /* Pods-NetworkArch.debug.xcconfig */,
				42FD5474FD74F0B70B5761FC /* Pods-NetworkArch.release.xcconfig */,
				69488D6FB0ECEE742F92FF11 /* Pods-NetworkArch-NetworkArchUITests.debug.xcconfig */,
				1662B306F47C4B4B8BA9F73E /* Pods-NetworkArch-NetworkArchUITests.release.xcconfig */,
				199A8A6463C8C98D4574F83A /* Pods-NetworkArchTests.debug.xcconfig */,
				86716AC15C9DF766370BEB55 /* Pods-NetworkArchTests.release.xcconfig */,
			);
			name = Pods;
			path = Pods;
			sourceTree = "<group>";
		};
		DDEBD43324D41EB100623F3F = {
			isa = PBXGroup;
			children = (
				DDEBD43E24D41EB100623F3F /* NetworkArch */,
				DDEBD45024D41EB300623F3F /* NetworkArchTests */,
				DDEBD45B24D41EB300623F3F /* NetworkArchUITests */,
				DDEBD43D24D41EB100623F3F /* Products */,
				AB928706E598A11A1965A14C /* Pods */,
				0729737DDBCC4E7AC930A254 /* Frameworks */,
			);
			sourceTree = "<group>";
		};
		DDEBD43D24D41EB100623F3F /* Products */ = {
			isa = PBXGroup;
			children = (
				DDEBD43C24D41EB100623F3F /* NetworkArch.app */,
				DDEBD44D24D41EB300623F3F /* NetworkArchTests.xctest */,
				DDEBD45824D41EB300623F3F /* NetworkArchUITests.xctest */,
			);
			name = Products;
			sourceTree = "<group>";
		};
		DDEBD43E24D41EB100623F3F /* NetworkArch */ = {
			isa = PBXGroup;
			children = (
				DDEBD43F24D41EB100623F3F /* NetworkArchApp.swift */,
				DDEBD44124D41EB100623F3F /* ContentView.swift */,
				DDEBD47F24D4281100623F3F /* Overview */,
				DDEBD48024D4283800623F3F /* Settings */,
				DDEBD44324D41EB300623F3F /* Assets.xcassets */,
				DDEBD44824D41EB300623F3F /* Info.plist */,
				DDEBD44524D41EB300623F3F /* Preview Content */,
			);
			path = NetworkArch;
			sourceTree = "<group>";
		};
		DDEBD44524D41EB300623F3F /* Preview Content */ = {
			isa = PBXGroup;
			children = (
				DDEBD44624D41EB300623F3F /* Preview Assets.xcassets */,
			);
			path = "Preview Content";
			sourceTree = "<group>";
		};
		DDEBD45024D41EB300623F3F /* NetworkArchTests */ = {
			isa = PBXGroup;
			children = (
				DDEBD45124D41EB300623F3F /* NetworkArchTests.swift */,
				DDEBD45324D41EB300623F3F /* Info.plist */,
			);
			path = NetworkArchTests;
			sourceTree = "<group>";
		};
		DDEBD45B24D41EB300623F3F /* NetworkArchUITests */ = {
			isa = PBXGroup;
			children = (
				DDEBD45C24D41EB300623F3F /* NetworkArchUITests.swift */,
				DDEBD45E24D41EB300623F3F /* Info.plist */,
			);
			path = NetworkArchUITests;
			sourceTree = "<group>";
		};
		DDEBD47824D4248F00623F3F /* Wi-Fi */ = {
			isa = PBXGroup;
			children = (
				DDEBD46E24D4234100623F3F /* WiFiHeader.swift */,
				DDEBD47024D4235B00623F3F /* WiFiSection.swift */,
			);
			path = "Wi-Fi";
			sourceTree = "<group>";
		};
		DDEBD47924D424A300623F3F /* Cellular */ = {
			isa = PBXGroup;
			children = (
				DDEBD47224D423D000623F3F /* CellularHeader.swift */,
				DDEBD47424D423F900623F3F /* CellularSection.swift */,
			);
			path = Cellular;
			sourceTree = "<group>";
		};
		DDEBD47A24D424AF00623F3F /* Tools */ = {
			isa = PBXGroup;
			children = (
				DDEBD47624D4243D00623F3F /* ToolsHeader.swift */,
				DDEBD47D24D4257100623F3F /* ToolsView.swift */,
			);
			path = Tools;
			sourceTree = "<group>";
		};
		DDEBD47F24D4281100623F3F /* Overview */ = {
			isa = PBXGroup;
			children = (
				DDEBD46A24D41FF700623F3F /* OverviewTab.swift */,
				DDEBD47824D4248F00623F3F /* Wi-Fi */,
				DDEBD47924D424A300623F3F /* Cellular */,
				DDEBD47A24D424AF00623F3F /* Tools */,
			);
			path = Overview;
			sourceTree = "<group>";
		};
		DDEBD48024D4283800623F3F /* Settings */ = {
			isa = PBXGroup;
			children = (
				DDEBD46C24D4200E00623F3F /* SettingsTab.swift */,
			);
			path = Settings;
			sourceTree = "<group>";
		};
/* End PBXGroup section */

/* Begin PBXNativeTarget section */
		DDEBD43B24D41EB100623F3F /* NetworkArch */ = {
			isa = PBXNativeTarget;
			buildConfigurationList = DDEBD46124D41EB300623F3F /* Build configuration list for PBXNativeTarget "NetworkArch" */;
			buildPhases = (
				30AF0104259B103BC5BE1D33 /* [CP] Check Pods Manifest.lock */,
				DDEBD43824D41EB100623F3F /* Sources */,
				DDEBD43924D41EB100623F3F /* Frameworks */,
				DDEBD43A24D41EB100623F3F /* Resources */,
				32E903B23FE555FFEEC4D63E /* [CP] Embed Pods Frameworks */,
			);
			buildRules = (
			);
			dependencies = (
			);
			name = NetworkArch;
			productName = NetworkArch;
			productReference = DDEBD43C24D41EB100623F3F /* NetworkArch.app */;
			productType = "com.apple.product-type.application";
		};
		DDEBD44C24D41EB300623F3F /* NetworkArchTests */ = {
			isa = PBXNativeTarget;
			buildConfigurationList = DDEBD46424D41EB300623F3F /* Build configuration list for PBXNativeTarget "NetworkArchTests" */;
			buildPhases = (
				E4663645D5C5FE58CA6682F6 /* [CP] Check Pods Manifest.lock */,
				DDEBD44924D41EB300623F3F /* Sources */,
				DDEBD44A24D41EB300623F3F /* Frameworks */,
				DDEBD44B24D41EB300623F3F /* Resources */,
			);
			buildRules = (
			);
			dependencies = (
				DDEBD44F24D41EB300623F3F /* PBXTargetDependency */,
			);
			name = NetworkArchTests;
			productName = NetworkArchTests;
			productReference = DDEBD44D24D41EB300623F3F /* NetworkArchTests.xctest */;
			productType = "com.apple.product-type.bundle.unit-test";
		};
		DDEBD45724D41EB300623F3F /* NetworkArchUITests */ = {
			isa = PBXNativeTarget;
			buildConfigurationList = DDEBD46724D41EB300623F3F /* Build configuration list for PBXNativeTarget "NetworkArchUITests" */;
			buildPhases = (
				105CE43EFE73E3D7B465863A /* [CP] Check Pods Manifest.lock */,
				DDEBD45424D41EB300623F3F /* Sources */,
				DDEBD45524D41EB300623F3F /* Frameworks */,
				DDEBD45624D41EB300623F3F /* Resources */,
				DFA863B5BB612471E48B4BB1 /* [CP] Embed Pods Frameworks */,
			);
			buildRules = (
			);
			dependencies = (
				DDEBD45A24D41EB300623F3F /* PBXTargetDependency */,
			);
			name = NetworkArchUITests;
			productName = NetworkArchUITests;
			productReference = DDEBD45824D41EB300623F3F /* NetworkArchUITests.xctest */;
			productType = "com.apple.product-type.bundle.ui-testing";
		};
/* End PBXNativeTarget section */

/* Begin PBXProject section */
		DDEBD43424D41EB100623F3F /* Project object */ = {
			isa = PBXProject;
			attributes = {
				LastSwiftUpdateCheck = 1200;
				LastUpgradeCheck = 1200;
				TargetAttributes = {
					DDEBD43B24D41EB100623F3F = {
						CreatedOnToolsVersion = 12.0;
					};
					DDEBD44C24D41EB300623F3F = {
						CreatedOnToolsVersion = 12.0;
						TestTargetID = DDEBD43B24D41EB100623F3F;
					};
					DDEBD45724D41EB300623F3F = {
						CreatedOnToolsVersion = 12.0;
						TestTargetID = DDEBD43B24D41EB100623F3F;
					};
				};
			};
			buildConfigurationList = DDEBD43724D41EB100623F3F /* Build configuration list for PBXProject "NetworkArch" */;
			compatibilityVersion = "Xcode 9.3";
			developmentRegion = en;
			hasScannedForEncodings = 0;
			knownRegions = (
				en,
				Base,
			);
			mainGroup = DDEBD43324D41EB100623F3F;
			productRefGroup = DDEBD43D24D41EB100623F3F /* Products */;
			projectDirPath = "";
			projectRoot = "";
			targets = (
				DDEBD43B24D41EB100623F3F /* NetworkArch */,
				DDEBD44C24D41EB300623F3F /* NetworkArchTests */,
				DDEBD45724D41EB300623F3F /* NetworkArchUITests */,
			);
		};
/* End PBXProject section */

/* Begin PBXResourcesBuildPhase section */
		DDEBD43A24D41EB100623F3F /* Resources */ = {
			isa = PBXResourcesBuildPhase;
			buildActionMask = 2147483647;
			files = (
				DDEBD44724D41EB300623F3F /* Preview Assets.xcassets in Resources */,
				DDEBD44424D41EB300623F3F /* Assets.xcassets in Resources */,
			);
			runOnlyForDeploymentPostprocessing = 0;
		};
		DDEBD44B24D41EB300623F3F /* Resources */ = {
			isa = PBXResourcesBuildPhase;
			buildActionMask = 2147483647;
			files = (
			);
			runOnlyForDeploymentPostprocessing = 0;
		};
		DDEBD45624D41EB300623F3F /* Resources */ = {
			isa = PBXResourcesBuildPhase;
			buildActionMask = 2147483647;
			files = (
			);
			runOnlyForDeploymentPostprocessing = 0;
		};
/* End PBXResourcesBuildPhase section */

/* Begin PBXShellScriptBuildPhase section */
		105CE43EFE73E3D7B465863A /* [CP] Check Pods Manifest.lock */ = {
			isa = PBXShellScriptBuildPhase;
			buildActionMask = 2147483647;
			files = (
			);
			inputFileListPaths = (
			);
			inputPaths = (
				"${PODS_PODFILE_DIR_PATH}/Podfile.lock",
				"${PODS_ROOT}/Manifest.lock",
			);
			name = "[CP] Check Pods Manifest.lock";
			outputFileListPaths = (
			);
			outputPaths = (
				"$(DERIVED_FILE_DIR)/Pods-NetworkArch-NetworkArchUITests-checkManifestLockResult.txt",
			);
			runOnlyForDeploymentPostprocessing = 0;
			shellPath = /bin/sh;
			shellScript = "diff \"${PODS_PODFILE_DIR_PATH}/Podfile.lock\" \"${PODS_ROOT}/Manifest.lock\" > /dev/null\nif [ $? != 0 ] ; then\n    # print error to STDERR\n    echo \"error: The sandbox is not in sync with the Podfile.lock. Run 'pod install' or update your CocoaPods installation.\" >&2\n    exit 1\nfi\n# This output is used by Xcode 'outputs' to avoid re-running this script phase.\necho \"SUCCESS\" > \"${SCRIPT_OUTPUT_FILE_0}\"\n";
			showEnvVarsInLog = 0;
		};
		30AF0104259B103BC5BE1D33 /* [CP] Check Pods Manifest.lock */ = {
			isa = PBXShellScriptBuildPhase;
			buildActionMask = 2147483647;
			files = (
			);
			inputFileListPaths = (
			);
			inputPaths = (
				"${PODS_PODFILE_DIR_PATH}/Podfile.lock",
				"${PODS_ROOT}/Manifest.lock",
			);
			name = "[CP] Check Pods Manifest.lock";
			outputFileListPaths = (
			);
			outputPaths = (
				"$(DERIVED_FILE_DIR)/Pods-NetworkArch-checkManifestLockResult.txt",
			);
			runOnlyForDeploymentPostprocessing = 0;
			shellPath = /bin/sh;
			shellScript = "diff \"${PODS_PODFILE_DIR_PATH}/Podfile.lock\" \"${PODS_ROOT}/Manifest.lock\" > /dev/null\nif [ $? != 0 ] ; then\n    # print error to STDERR\n    echo \"error: The sandbox is not in sync with the Podfile.lock. Run 'pod install' or update your CocoaPods installation.\" >&2\n    exit 1\nfi\n# This output is used by Xcode 'outputs' to avoid re-running this script phase.\necho \"SUCCESS\" > \"${SCRIPT_OUTPUT_FILE_0}\"\n";
			showEnvVarsInLog = 0;
		};
		32E903B23FE555FFEEC4D63E /* [CP] Embed Pods Frameworks */ = {
			isa = PBXShellScriptBuildPhase;
			buildActionMask = 2147483647;
			files = (
			);
			inputFileListPaths = (
				"${PODS_ROOT}/Target Support Files/Pods-NetworkArch/Pods-NetworkArch-frameworks-${CONFIGURATION}-input-files.xcfilelist",
			);
			name = "[CP] Embed Pods Frameworks";
			outputFileListPaths = (
				"${PODS_ROOT}/Target Support Files/Pods-NetworkArch/Pods-NetworkArch-frameworks-${CONFIGURATION}-output-files.xcfilelist",
			);
			runOnlyForDeploymentPostprocessing = 0;
			shellPath = /bin/sh;
			shellScript = "\"${PODS_ROOT}/Target Support Files/Pods-NetworkArch/Pods-NetworkArch-frameworks.sh\"\n";
			showEnvVarsInLog = 0;
		};
		DFA863B5BB612471E48B4BB1 /* [CP] Embed Pods Frameworks */ = {
			isa = PBXShellScriptBuildPhase;
			buildActionMask = 2147483647;
			files = (
			);
			inputFileListPaths = (
				"${PODS_ROOT}/Target Support Files/Pods-NetworkArch-NetworkArchUITests/Pods-NetworkArch-NetworkArchUITests-frameworks-${CONFIGURATION}-input-files.xcfilelist",
			);
			name = "[CP] Embed Pods Frameworks";
			outputFileListPaths = (
				"${PODS_ROOT}/Target Support Files/Pods-NetworkArch-NetworkArchUITests/Pods-NetworkArch-NetworkArchUITests-frameworks-${CONFIGURATION}-output-files.xcfilelist",
			);
			runOnlyForDeploymentPostprocessing = 0;
			shellPath = /bin/sh;
			shellScript = "\"${PODS_ROOT}/Target Support Files/Pods-NetworkArch-NetworkArchUITests/Pods-NetworkArch-NetworkArchUITests-frameworks.sh\"\n";
			showEnvVarsInLog = 0;
		};
		E4663645D5C5FE58CA6682F6 /* [CP] Check Pods Manifest.lock */ = {
			isa = PBXShellScriptBuildPhase;
			buildActionMask = 2147483647;
			files = (
			);
			inputFileListPaths = (
			);
			inputPaths = (
				"${PODS_PODFILE_DIR_PATH}/Podfile.lock",
				"${PODS_ROOT}/Manifest.lock",
			);
			name = "[CP] Check Pods Manifest.lock";
			outputFileListPaths = (
			);
			outputPaths = (
				"$(DERIVED_FILE_DIR)/Pods-NetworkArchTests-checkManifestLockResult.txt",
			);
			runOnlyForDeploymentPostprocessing = 0;
			shellPath = /bin/sh;
			shellScript = "diff \"${PODS_PODFILE_DIR_PATH}/Podfile.lock\" \"${PODS_ROOT}/Manifest.lock\" > /dev/null\nif [ $? != 0 ] ; then\n    # print error to STDERR\n    echo \"error: The sandbox is not in sync with the Podfile.lock. Run 'pod install' or update your CocoaPods installation.\" >&2\n    exit 1\nfi\n# This output is used by Xcode 'outputs' to avoid re-running this script phase.\necho \"SUCCESS\" > \"${SCRIPT_OUTPUT_FILE_0}\"\n";
			showEnvVarsInLog = 0;
		};
/* End PBXShellScriptBuildPhase section */

/* Begin PBXSourcesBuildPhase section */
		DDEBD43824D41EB100623F3F /* Sources */ = {
			isa = PBXSourcesBuildPhase;
			buildActionMask = 2147483647;
			files = (
				DDEBD46D24D4200E00623F3F /* SettingsTab.swift in Sources */,
				DDEBD47724D4243D00623F3F /* ToolsHeader.swift in Sources */,
				DDEBD47524D423F900623F3F /* CellularSection.swift in Sources */,
				DDEBD44224D41EB100623F3F /* ContentView.swift in Sources */,
				DDEBD47E24D4257100623F3F /* ToolsView.swift in Sources */,
				DDEBD44024D41EB100623F3F /* NetworkArchApp.swift in Sources */,
				DDEBD46B24D41FF700623F3F /* OverviewTab.swift in Sources */,
				DDEBD47324D423D000623F3F /* CellularHeader.swift in Sources */,
				DDEBD47124D4235B00623F3F /* WiFiSection.swift in Sources */,
				DDEBD46F24D4234100623F3F /* WiFiHeader.swift in Sources */,
			);
			runOnlyForDeploymentPostprocessing = 0;
		};
		DDEBD44924D41EB300623F3F /* Sources */ = {
			isa = PBXSourcesBuildPhase;
			buildActionMask = 2147483647;
			files = (
				DDEBD45224D41EB300623F3F /* NetworkArchTests.swift in Sources */,
			);
			runOnlyForDeploymentPostprocessing = 0;
		};
		DDEBD45424D41EB300623F3F /* Sources */ = {
			isa = PBXSourcesBuildPhase;
			buildActionMask = 2147483647;
			files = (
				DDEBD45D24D41EB300623F3F /* NetworkArchUITests.swift in Sources */,
			);
			runOnlyForDeploymentPostprocessing = 0;
		};
/* End PBXSourcesBuildPhase section */

/* Begin PBXTargetDependency section */
		DDEBD44F24D41EB300623F3F /* PBXTargetDependency */ = {
			isa = PBXTargetDependency;
			target = DDEBD43B24D41EB100623F3F /* NetworkArch */;
			targetProxy = DDEBD44E24D41EB300623F3F /* PBXContainerItemProxy */;
		};
		DDEBD45A24D41EB300623F3F /* PBXTargetDependency */ = {
			isa = PBXTargetDependency;
			target = DDEBD43B24D41EB100623F3F /* NetworkArch */;
			targetProxy = DDEBD45924D41EB300623F3F /* PBXContainerItemProxy */;
		};
/* End PBXTargetDependency section */

/* Begin XCBuildConfiguration section */
		DDEBD45F24D41EB300623F3F /* Debug */ = {
			isa = XCBuildConfiguration;
			buildSettings = {
				ALWAYS_SEARCH_USER_PATHS = NO;
				CLANG_ANALYZER_NONNULL = YES;
				CLANG_ANALYZER_NUMBER_OBJECT_CONVERSION = YES_AGGRESSIVE;
				CLANG_CXX_LANGUAGE_STANDARD = "gnu++14";
				CLANG_CXX_LIBRARY = "libc++";
				CLANG_ENABLE_MODULES = YES;
				CLANG_ENABLE_OBJC_ARC = YES;
				CLANG_ENABLE_OBJC_WEAK = YES;
				CLANG_WARN_BLOCK_CAPTURE_AUTORELEASING = YES;
				CLANG_WARN_BOOL_CONVERSION = YES;
				CLANG_WARN_COMMA = YES;
				CLANG_WARN_CONSTANT_CONVERSION = YES;
				CLANG_WARN_DEPRECATED_OBJC_IMPLEMENTATIONS = YES;
				CLANG_WARN_DIRECT_OBJC_ISA_USAGE = YES_ERROR;
				CLANG_WARN_DOCUMENTATION_COMMENTS = YES;
				CLANG_WARN_EMPTY_BODY = YES;
				CLANG_WARN_ENUM_CONVERSION = YES;
				CLANG_WARN_INFINITE_RECURSION = YES;
				CLANG_WARN_INT_CONVERSION = YES;
				CLANG_WARN_NON_LITERAL_NULL_CONVERSION = YES;
				CLANG_WARN_OBJC_IMPLICIT_RETAIN_SELF = YES;
				CLANG_WARN_OBJC_LITERAL_CONVERSION = YES;
				CLANG_WARN_OBJC_ROOT_CLASS = YES_ERROR;
				CLANG_WARN_QUOTED_INCLUDE_IN_FRAMEWORK_HEADER = YES;
				CLANG_WARN_RANGE_LOOP_ANALYSIS = YES;
				CLANG_WARN_STRICT_PROTOTYPES = YES;
				CLANG_WARN_SUSPICIOUS_MOVE = YES;
				CLANG_WARN_UNGUARDED_AVAILABILITY = YES_AGGRESSIVE;
				CLANG_WARN_UNREACHABLE_CODE = YES;
				CLANG_WARN__DUPLICATE_METHOD_MATCH = YES;
				COPY_PHASE_STRIP = NO;
				DEBUG_INFORMATION_FORMAT = dwarf;
				ENABLE_STRICT_OBJC_MSGSEND = YES;
				ENABLE_TESTABILITY = YES;
				GCC_C_LANGUAGE_STANDARD = gnu11;
				GCC_DYNAMIC_NO_PIC = NO;
				GCC_NO_COMMON_BLOCKS = YES;
				GCC_OPTIMIZATION_LEVEL = 0;
				GCC_PREPROCESSOR_DEFINITIONS = (
					"DEBUG=1",
					"$(inherited)",
				);
				GCC_WARN_64_TO_32_BIT_CONVERSION = YES;
				GCC_WARN_ABOUT_RETURN_TYPE = YES_ERROR;
				GCC_WARN_UNDECLARED_SELECTOR = YES;
				GCC_WARN_UNINITIALIZED_AUTOS = YES_AGGRESSIVE;
				GCC_WARN_UNUSED_FUNCTION = YES;
				GCC_WARN_UNUSED_VARIABLE = YES;
				IPHONEOS_DEPLOYMENT_TARGET = 14.0;
				MTL_ENABLE_DEBUG_INFO = INCLUDE_SOURCE;
				MTL_FAST_MATH = YES;
				ONLY_ACTIVE_ARCH = YES;
				SDKROOT = iphoneos;
				SWIFT_ACTIVE_COMPILATION_CONDITIONS = DEBUG;
				SWIFT_OPTIMIZATION_LEVEL = "-Onone";
			};
			name = Debug;
		};
		DDEBD46024D41EB300623F3F /* Release */ = {
			isa = XCBuildConfiguration;
			buildSettings = {
				ALWAYS_SEARCH_USER_PATHS = NO;
				CLANG_ANALYZER_NONNULL = YES;
				CLANG_ANALYZER_NUMBER_OBJECT_CONVERSION = YES_AGGRESSIVE;
				CLANG_CXX_LANGUAGE_STANDARD = "gnu++14";
				CLANG_CXX_LIBRARY = "libc++";
				CLANG_ENABLE_MODULES = YES;
				CLANG_ENABLE_OBJC_ARC = YES;
				CLANG_ENABLE_OBJC_WEAK = YES;
				CLANG_WARN_BLOCK_CAPTURE_AUTORELEASING = YES;
				CLANG_WARN_BOOL_CONVERSION = YES;
				CLANG_WARN_COMMA = YES;
				CLANG_WARN_CONSTANT_CONVERSION = YES;
				CLANG_WARN_DEPRECATED_OBJC_IMPLEMENTATIONS = YES;
				CLANG_WARN_DIRECT_OBJC_ISA_USAGE = YES_ERROR;
				CLANG_WARN_DOCUMENTATION_COMMENTS = YES;
				CLANG_WARN_EMPTY_BODY = YES;
				CLANG_WARN_ENUM_CONVERSION = YES;
				CLANG_WARN_INFINITE_RECURSION = YES;
				CLANG_WARN_INT_CONVERSION = YES;
				CLANG_WARN_NON_LITERAL_NULL_CONVERSION = YES;
				CLANG_WARN_OBJC_IMPLICIT_RETAIN_SELF = YES;
				CLANG_WARN_OBJC_LITERAL_CONVERSION = YES;
				CLANG_WARN_OBJC_ROOT_CLASS = YES_ERROR;
				CLANG_WARN_QUOTED_INCLUDE_IN_FRAMEWORK_HEADER = YES;
				CLANG_WARN_RANGE_LOOP_ANALYSIS = YES;
				CLANG_WARN_STRICT_PROTOTYPES = YES;
				CLANG_WARN_SUSPICIOUS_MOVE = YES;
				CLANG_WARN_UNGUARDED_AVAILABILITY = YES_AGGRESSIVE;
				CLANG_WARN_UNREACHABLE_CODE = YES;
				CLANG_WARN__DUPLICATE_METHOD_MATCH = YES;
				COPY_PHASE_STRIP = NO;
				DEBUG_INFORMATION_FORMAT = "dwarf-with-dsym";
				ENABLE_NS_ASSERTIONS = NO;
				ENABLE_STRICT_OBJC_MSGSEND = YES;
				GCC_C_LANGUAGE_STANDARD = gnu11;
				GCC_NO_COMMON_BLOCKS = YES;
				GCC_WARN_64_TO_32_BIT_CONVERSION = YES;
				GCC_WARN_ABOUT_RETURN_TYPE = YES_ERROR;
				GCC_WARN_UNDECLARED_SELECTOR = YES;
				GCC_WARN_UNINITIALIZED_AUTOS = YES_AGGRESSIVE;
				GCC_WARN_UNUSED_FUNCTION = YES;
				GCC_WARN_UNUSED_VARIABLE = YES;
				IPHONEOS_DEPLOYMENT_TARGET = 14.0;
				MTL_ENABLE_DEBUG_INFO = NO;
				MTL_FAST_MATH = YES;
				SDKROOT = iphoneos;
				SWIFT_COMPILATION_MODE = wholemodule;
				SWIFT_OPTIMIZATION_LEVEL = "-O";
				VALIDATE_PRODUCT = YES;
			};
			name = Release;
		};
		DDEBD46224D41EB300623F3F /* Debug */ = {
			isa = XCBuildConfiguration;
			baseConfigurationReference = F5C3CB4F23A54E10070604FD /* Pods-NetworkArch.debug.xcconfig */;
			buildSettings = {
				ASSETCATALOG_COMPILER_APPICON_NAME = AppIcon;
				ASSETCATALOG_COMPILER_GLOBAL_ACCENT_COLOR_NAME = AccentColor;
				CODE_SIGN_STYLE = Automatic;
				DEVELOPMENT_ASSET_PATHS = "\"NetworkArch/Preview Content\"";
				DEVELOPMENT_TEAM = BH7H9XV2FA;
				ENABLE_PREVIEWS = YES;
				INFOPLIST_FILE = NetworkArch/Info.plist;
				IPHONEOS_DEPLOYMENT_TARGET = 14.0;
				LD_RUNPATH_SEARCH_PATHS = (
					"$(inherited)",
					"@executable_path/Frameworks",
				);
				PRODUCT_BUNDLE_IDENTIFIER = com.HubertJozwiak.NetworkArch;
				PRODUCT_NAME = "$(TARGET_NAME)";
				SWIFT_VERSION = 5.0;
				TARGETED_DEVICE_FAMILY = "1,2";
			};
			name = Debug;
		};
		DDEBD46324D41EB300623F3F /* Release */ = {
			isa = XCBuildConfiguration;
			baseConfigurationReference = 42FD5474FD74F0B70B5761FC /* Pods-NetworkArch.release.xcconfig */;
			buildSettings = {
				ASSETCATALOG_COMPILER_APPICON_NAME = AppIcon;
				ASSETCATALOG_COMPILER_GLOBAL_ACCENT_COLOR_NAME = AccentColor;
				CODE_SIGN_STYLE = Automatic;
				DEVELOPMENT_ASSET_PATHS = "\"NetworkArch/Preview Content\"";
				DEVELOPMENT_TEAM = BH7H9XV2FA;
				ENABLE_PREVIEWS = YES;
				INFOPLIST_FILE = NetworkArch/Info.plist;
				IPHONEOS_DEPLOYMENT_TARGET = 14.0;
				LD_RUNPATH_SEARCH_PATHS = (
					"$(inherited)",
					"@executable_path/Frameworks",
				);
				PRODUCT_BUNDLE_IDENTIFIER = com.HubertJozwiak.NetworkArch;
				PRODUCT_NAME = "$(TARGET_NAME)";
				SWIFT_VERSION = 5.0;
				TARGETED_DEVICE_FAMILY = "1,2";
			};
			name = Release;
		};
		DDEBD46524D41EB300623F3F /* Debug */ = {
			isa = XCBuildConfiguration;
			baseConfigurationReference = 199A8A6463C8C98D4574F83A /* Pods-NetworkArchTests.debug.xcconfig */;
			buildSettings = {
				ALWAYS_EMBED_SWIFT_STANDARD_LIBRARIES = YES;
				BUNDLE_LOADER = "$(TEST_HOST)";
				CODE_SIGN_STYLE = Automatic;
				DEVELOPMENT_TEAM = BH7H9XV2FA;
				INFOPLIST_FILE = NetworkArchTests/Info.plist;
				IPHONEOS_DEPLOYMENT_TARGET = 14.0;
				LD_RUNPATH_SEARCH_PATHS = (
					"$(inherited)",
					"@executable_path/Frameworks",
					"@loader_path/Frameworks",
				);
				PRODUCT_BUNDLE_IDENTIFIER = com.HubertJozwiak.NetworkArchTests;
				PRODUCT_NAME = "$(TARGET_NAME)";
				SWIFT_VERSION = 5.0;
				TARGETED_DEVICE_FAMILY = "1,2";
				TEST_HOST = "$(BUILT_PRODUCTS_DIR)/NetworkArch.app/NetworkArch";
			};
			name = Debug;
		};
		DDEBD46624D41EB300623F3F /* Release */ = {
			isa = XCBuildConfiguration;
			baseConfigurationReference = 86716AC15C9DF766370BEB55 /* Pods-NetworkArchTests.release.xcconfig */;
			buildSettings = {
				ALWAYS_EMBED_SWIFT_STANDARD_LIBRARIES = YES;
				BUNDLE_LOADER = "$(TEST_HOST)";
				CODE_SIGN_STYLE = Automatic;
				DEVELOPMENT_TEAM = BH7H9XV2FA;
				INFOPLIST_FILE = NetworkArchTests/Info.plist;
				IPHONEOS_DEPLOYMENT_TARGET = 14.0;
				LD_RUNPATH_SEARCH_PATHS = (
					"$(inherited)",
					"@executable_path/Frameworks",
					"@loader_path/Frameworks",
				);
				PRODUCT_BUNDLE_IDENTIFIER = com.HubertJozwiak.NetworkArchTests;
				PRODUCT_NAME = "$(TARGET_NAME)";
				SWIFT_VERSION = 5.0;
				TARGETED_DEVICE_FAMILY = "1,2";
				TEST_HOST = "$(BUILT_PRODUCTS_DIR)/NetworkArch.app/NetworkArch";
			};
			name = Release;
		};
		DDEBD46824D41EB300623F3F /* Debug */ = {
			isa = XCBuildConfiguration;
			baseConfigurationReference = 69488D6FB0ECEE742F92FF11 /* Pods-NetworkArch-NetworkArchUITests.debug.xcconfig */;
			buildSettings = {
				ALWAYS_EMBED_SWIFT_STANDARD_LIBRARIES = YES;
				CODE_SIGN_STYLE = Automatic;
				DEVELOPMENT_TEAM = BH7H9XV2FA;
				INFOPLIST_FILE = NetworkArchUITests/Info.plist;
				LD_RUNPATH_SEARCH_PATHS = (
					"$(inherited)",
					"@executable_path/Frameworks",
					"@loader_path/Frameworks",
				);
				PRODUCT_BUNDLE_IDENTIFIER = com.HubertJozwiak.NetworkArchUITests;
				PRODUCT_NAME = "$(TARGET_NAME)";
				SWIFT_VERSION = 5.0;
				TARGETED_DEVICE_FAMILY = "1,2";
				TEST_TARGET_NAME = NetworkArch;
			};
			name = Debug;
		};
		DDEBD46924D41EB300623F3F /* Release */ = {
			isa = XCBuildConfiguration;
			baseConfigurationReference = 1662B306F47C4B4B8BA9F73E /* Pods-NetworkArch-NetworkArchUITests.release.xcconfig */;
			buildSettings = {
				ALWAYS_EMBED_SWIFT_STANDARD_LIBRARIES = YES;
				CODE_SIGN_STYLE = Automatic;
				DEVELOPMENT_TEAM = BH7H9XV2FA;
				INFOPLIST_FILE = NetworkArchUITests/Info.plist;
				LD_RUNPATH_SEARCH_PATHS = (
					"$(inherited)",
					"@executable_path/Frameworks",
					"@loader_path/Frameworks",
				);
				PRODUCT_BUNDLE_IDENTIFIER = com.HubertJozwiak.NetworkArchUITests;
				PRODUCT_NAME = "$(TARGET_NAME)";
				SWIFT_VERSION = 5.0;
				TARGETED_DEVICE_FAMILY = "1,2";
				TEST_TARGET_NAME = NetworkArch;
			};
			name = Release;
		};
/* End XCBuildConfiguration section */

/* Begin XCConfigurationList section */
		DDEBD43724D41EB100623F3F /* Build configuration list for PBXProject "NetworkArch" */ = {
			isa = XCConfigurationList;
			buildConfigurations = (
				DDEBD45F24D41EB300623F3F /* Debug */,
				DDEBD46024D41EB300623F3F /* Release */,
			);
			defaultConfigurationIsVisible = 0;
			defaultConfigurationName = Release;
		};
		DDEBD46124D41EB300623F3F /* Build configuration list for PBXNativeTarget "NetworkArch" */ = {
			isa = XCConfigurationList;
			buildConfigurations = (
				DDEBD46224D41EB300623F3F /* Debug */,
				DDEBD46324D41EB300623F3F /* Release */,
			);
			defaultConfigurationIsVisible = 0;
			defaultConfigurationName = Release;
		};
		DDEBD46424D41EB300623F3F /* Build configuration list for PBXNativeTarget "NetworkArchTests" */ = {
			isa = XCConfigurationList;
			buildConfigurations = (
				DDEBD46524D41EB300623F3F /* Debug */,
				DDEBD46624D41EB300623F3F /* Release */,
			);
			defaultConfigurationIsVisible = 0;
			defaultConfigurationName = Release;
		};
		DDEBD46724D41EB300623F3F /* Build configuration list for PBXNativeTarget "NetworkArchUITests" */ = {
			isa = XCConfigurationList;
			buildConfigurations = (
				DDEBD46824D41EB300623F3F /* Debug */,
				DDEBD46924D41EB300623F3F /* Release */,
			);
			defaultConfigurationIsVisible = 0;
			defaultConfigurationName = Release;
		};
/* End XCConfigurationList section */
	};
	rootObject = DDEBD43424D41EB100623F3F /* Project object */;
}
