// !$*UTF8*$!
{
	archiveVersion = 1;
	classes = {
	};
	objectVersion = 52;
	objects = {

/* Begin PBXBuildFile section */
		0D9DE3D0E71BB34E8112C9DC /* Pods_NetworkArch_NetworkArchUITests.framework in Frameworks */ = {isa = PBXBuildFile; fileRef = 931148B5DB1D08389D6E8569 /* Pods_NetworkArch_NetworkArchUITests.framework */; };
		53ECDCE49B7ED68EDC3958B6 /* Pods_NetworkArch.framework in Frameworks */ = {isa = PBXBuildFile; fileRef = 85C989C97A404801BF744738 /* Pods_NetworkArch.framework */; };
		CB8C355C53F70791AE9D35CF /* Pods_NetworkArchTests.framework in Frameworks */ = {isa = PBXBuildFile; fileRef = B46405AE3FEBD5AA7E200088 /* Pods_NetworkArchTests.framework */; };
		DD09A41E24F95EBD007DFC41 /* MailView.swift in Sources */ = {isa = PBXBuildFile; fileRef = DD09A41D24F95EBC007DFC41 /* MailView.swift */; };
		DD09A42024FBE842007DFC41 /* DNSModalBuyView.swift in Sources */ = {isa = PBXBuildFile; fileRef = DD09A41F24FBE842007DFC41 /* DNSModalBuyView.swift */; };
		DD0C3DCE24DA0FB000E90022 /* SearchBar.swift in Sources */ = {isa = PBXBuildFile; fileRef = DD0C3DCD24DA0FB000E90022 /* SearchBar.swift */; };
		DD0C3DD324DAB62400E90022 /* SimplePing.m in Sources */ = {isa = PBXBuildFile; fileRef = DD0C3DD124DAB62300E90022 /* SimplePing.m */; };
		DD0C3DD524DAB66E00E90022 /* SimplePingClient.swift in Sources */ = {isa = PBXBuildFile; fileRef = DD0C3DD424DAB66E00E90022 /* SimplePingClient.swift */; };
		DD0C3DD724DB2EE800E90022 /* PingManager.swift in Sources */ = {isa = PBXBuildFile; fileRef = DD0C3DD624DB2EE800E90022 /* PingManager.swift */; };
		DD39DD4B2531EE8C00F9A17D /* PingGraph.swift in Sources */ = {isa = PBXBuildFile; fileRef = DD39DD4A2531EE8C00F9A17D /* PingGraph.swift */; };
		DD64A9CC25164DCD006BFE9F /* NetUtils in Frameworks */ = {isa = PBXBuildFile; productRef = DD64A9CB25164DCD006BFE9F /* NetUtils */; };
		DD68FFDC24F7022300FEBA87 /* WhoisModalBuyView.swift in Sources */ = {isa = PBXBuildFile; fileRef = DD68FFDB24F7022300FEBA87 /* WhoisModalBuyView.swift */; };
		DD73DBEE24DE160100892524 /* WoLView.swift in Sources */ = {isa = PBXBuildFile; fileRef = DD73DBED24DE160100892524 /* WoLView.swift */; };
		DD73DBF024DE162000892524 /* TracerouteView.swift in Sources */ = {isa = PBXBuildFile; fileRef = DD73DBEF24DE162000892524 /* TracerouteView.swift */; };
		DD73DBF224DE163100892524 /* DNSLookupView.swift in Sources */ = {isa = PBXBuildFile; fileRef = DD73DBF124DE163100892524 /* DNSLookupView.swift */; };
		DD73DBF624DF081A00892524 /* WoLManager.swift in Sources */ = {isa = PBXBuildFile; fileRef = DD73DBF524DF081A00892524 /* WoLManager.swift */; };
		DD73DBF924DF0FE300892524 /* WhoisView.swift in Sources */ = {isa = PBXBuildFile; fileRef = DD73DBF824DF0FE300892524 /* WhoisView.swift */; };
		DD73DBFB24DF0FF200892524 /* WhoisManager.swift in Sources */ = {isa = PBXBuildFile; fileRef = DD73DBFA24DF0FF200892524 /* WhoisManager.swift */; };
		DD833015253B44EE007FBBB6 /* AdvertisingProvider.swift in Sources */ = {isa = PBXBuildFile; fileRef = DD833014253B44ED007FBBB6 /* AdvertisingProvider.swift */; };
		DD833042253B49F0007FBBB6 /* AppDelegate.swift in Sources */ = {isa = PBXBuildFile; fileRef = DD833041253B49F0007FBBB6 /* AppDelegate.swift */; };
		DD833047253B4CD0007FBBB6 /* ApplicationExtentions.swift in Sources */ = {isa = PBXBuildFile; fileRef = DD833046253B4CCF007FBBB6 /* ApplicationExtentions.swift */; };
		DD83304F253B509F007FBBB6 /* FullscreenSection.swift in Sources */ = {isa = PBXBuildFile; fileRef = DD83304E253B509F007FBBB6 /* FullscreenSection.swift */; };
		DD8AB27A24E5EC980090DD47 /* DNSManager.swift in Sources */ = {isa = PBXBuildFile; fileRef = DD8AB27924E5EC980090DD47 /* DNSManager.swift */; };
		DD8AB27C24E6BFBF0090DD47 /* ADNSTypeView.swift in Sources */ = {isa = PBXBuildFile; fileRef = DD8AB27B24E6BFBF0090DD47 /* ADNSTypeView.swift */; };
		DD8E0EAA24D72B5100DE9780 /* CellularRadioConstants.swift in Sources */ = {isa = PBXBuildFile; fileRef = DD8E0EA924D72B5100DE9780 /* CellularRadioConstants.swift */; };
		DD8E0EAC24D736B000DE9780 /* WiFiExternalIP.swift in Sources */ = {isa = PBXBuildFile; fileRef = DD8E0EAB24D736B000DE9780 /* WiFiExternalIP.swift */; };
		DD8E0EAE24D7539600DE9780 /* PingView.swift in Sources */ = {isa = PBXBuildFile; fileRef = DD8E0EAD24D7539600DE9780 /* PingView.swift */; };
		DD953A2E25310501002C3F12 /* SKReviewRequest.swift in Sources */ = {isa = PBXBuildFile; fileRef = DD953A2D25310501002C3F12 /* SKReviewRequest.swift */; };
		DD953A34253107CB002C3F12 /* SwiftUICharts in Frameworks */ = {isa = PBXBuildFile; productRef = DD953A33253107CB002C3F12 /* SwiftUICharts */; };
		DD95D10224D5DA65000DA60F /* CellularData.swift in Sources */ = {isa = PBXBuildFile; fileRef = DD95D10124D5DA65000DA60F /* CellularData.swift */; };
		DD95D10F24D60FA9000DA60F /* StatusView.swift in Sources */ = {isa = PBXBuildFile; fileRef = DD95D10E24D60FA9000DA60F /* StatusView.swift */; };
		DD9F035E24E57EB90006C658 /* Constants.swift in Sources */ = {isa = PBXBuildFile; fileRef = DD9F035D24E57EB90006C658 /* Constants.swift */; };
		DDB65BB124E9AA2D00235519 /* AAAADNSTypeView.swift in Sources */ = {isa = PBXBuildFile; fileRef = DDB65BB024E9AA2C00235519 /* AAAADNSTypeView.swift */; };
		DDB65BB324E9ABEA00235519 /* NSDNSTypeView.swift in Sources */ = {isa = PBXBuildFile; fileRef = DDB65BB224E9ABEA00235519 /* NSDNSTypeView.swift */; };
		DDB65BB524E9AEF100235519 /* MXDNSTypeView.swift in Sources */ = {isa = PBXBuildFile; fileRef = DDB65BB424E9AEF100235519 /* MXDNSTypeView.swift */; };
		DDB95ACD24E9C05600DC7A89 /* SOADNSTypeView.swift in Sources */ = {isa = PBXBuildFile; fileRef = DDB95ACC24E9C05600DC7A89 /* SOADNSTypeView.swift */; };
		DDB95ACF24EAE4CD00DC7A89 /* TXTDNSTypeView.swift in Sources */ = {isa = PBXBuildFile; fileRef = DDB95ACE24EAE4CD00DC7A89 /* TXTDNSTypeView.swift */; };
		DDB95AD324EFBB8F00DC7A89 /* InterfacesAddresses.swift in Sources */ = {isa = PBXBuildFile; fileRef = DDB95AD224EFBB8E00DC7A89 /* InterfacesAddresses.swift */; };
		DDB95AD524F0582300DC7A89 /* StoreKit.framework in Frameworks */ = {isa = PBXBuildFile; fileRef = DDB95AD424F0582300DC7A89 /* StoreKit.framework */; };
		DDD129BC25163D3D00B886C0 /* InterfacesView.swift in Sources */ = {isa = PBXBuildFile; fileRef = DDD129BB25163D3D00B886C0 /* InterfacesView.swift */; };
		DDD75535250C03520033C0D5 /* DataUsageManager.swift in Sources */ = {isa = PBXBuildFile; fileRef = DDD75534250C03520033C0D5 /* DataUsageManager.swift */; };
		DDE3497724E0999100BEE1BA /* PacketSection.swift in Sources */ = {isa = PBXBuildFile; fileRef = DDE3497624E0999100BEE1BA /* PacketSection.swift */; };
		DDE3497924E09A2600BEE1BA /* ErrorSection.swift in Sources */ = {isa = PBXBuildFile; fileRef = DDE3497824E09A2600BEE1BA /* ErrorSection.swift */; };
		DDEBD44024D41EB100623F3F /* NetworkArchApp.swift in Sources */ = {isa = PBXBuildFile; fileRef = DDEBD43F24D41EB100623F3F /* NetworkArchApp.swift */; };
		DDEBD44224D41EB100623F3F /* ContentView.swift in Sources */ = {isa = PBXBuildFile; fileRef = DDEBD44124D41EB100623F3F /* ContentView.swift */; };
		DDEBD44424D41EB300623F3F /* Assets.xcassets in Resources */ = {isa = PBXBuildFile; fileRef = DDEBD44324D41EB300623F3F /* Assets.xcassets */; };
		DDEBD44724D41EB300623F3F /* Preview Assets.xcassets in Resources */ = {isa = PBXBuildFile; fileRef = DDEBD44624D41EB300623F3F /* Preview Assets.xcassets */; };
		DDEBD45224D41EB300623F3F /* NetworkArchTests.swift in Sources */ = {isa = PBXBuildFile; fileRef = DDEBD45124D41EB300623F3F /* NetworkArchTests.swift */; };
		DDEBD45D24D41EB300623F3F /* NetworkArchUITests.swift in Sources */ = {isa = PBXBuildFile; fileRef = DDEBD45C24D41EB300623F3F /* NetworkArchUITests.swift */; };
		DDEBD46B24D41FF700623F3F /* OverviewTab.swift in Sources */ = {isa = PBXBuildFile; fileRef = DDEBD46A24D41FF700623F3F /* OverviewTab.swift */; };
		DDEBD46D24D4200E00623F3F /* SettingsTab.swift in Sources */ = {isa = PBXBuildFile; fileRef = DDEBD46C24D4200E00623F3F /* SettingsTab.swift */; };
		DDEBD47124D4235B00623F3F /* WiFiSection.swift in Sources */ = {isa = PBXBuildFile; fileRef = DDEBD47024D4235B00623F3F /* WiFiSection.swift */; };
		DDEBD47524D423F900623F3F /* CellularSection.swift in Sources */ = {isa = PBXBuildFile; fileRef = DDEBD47424D423F900623F3F /* CellularSection.swift */; };
		DDEBD48724D46D4600623F3F /* WiFiDetailView.swift in Sources */ = {isa = PBXBuildFile; fileRef = DDEBD48624D46D4600623F3F /* WiFiDetailView.swift */; };
		DDEBD48924D4A06800623F3F /* CellularDetailView.swift in Sources */ = {isa = PBXBuildFile; fileRef = DDEBD48824D4A06800623F3F /* CellularDetailView.swift */; };
		DDEBD48F24D4B25900623F3F /* InfoRow.swift in Sources */ = {isa = PBXBuildFile; fileRef = DDEBD48E24D4B25900623F3F /* InfoRow.swift */; };
/* End PBXBuildFile section */

/* Begin PBXContainerItemProxy section */
		DDEBD44E24D41EB300623F3F /* PBXContainerItemProxy */ = {
			isa = PBXContainerItemProxy;
			containerPortal = DDEBD43424D41EB100623F3F /* Project object */;
			proxyType = 1;
			remoteGlobalIDString = DDEBD43B24D41EB100623F3F;
			remoteInfo = NetworkArch;
		};
		DDEBD45924D41EB300623F3F /* PBXContainerItemProxy */ = {
			isa = PBXContainerItemProxy;
			containerPortal = DDEBD43424D41EB100623F3F /* Project object */;
			proxyType = 1;
			remoteGlobalIDString = DDEBD43B24D41EB100623F3F;
			remoteInfo = NetworkArch;
		};
/* End PBXContainerItemProxy section */

/* Begin PBXFileReference section */
		36DB0CE4ED101923E014325F /* Pods-NetworkArch-NetworkArchUITests.debug.xcconfig */ = {isa = PBXFileReference; includeInIndex = 1; lastKnownFileType = text.xcconfig; name = "Pods-NetworkArch-NetworkArchUITests.debug.xcconfig"; path = "Target Support Files/Pods-NetworkArch-NetworkArchUITests/Pods-NetworkArch-NetworkArchUITests.debug.xcconfig"; sourceTree = "<group>"; };
		462BE87EFBD8789972E8D41D /* Pods-NetworkArchTests.release.xcconfig */ = {isa = PBXFileReference; includeInIndex = 1; lastKnownFileType = text.xcconfig; name = "Pods-NetworkArchTests.release.xcconfig"; path = "Target Support Files/Pods-NetworkArchTests/Pods-NetworkArchTests.release.xcconfig"; sourceTree = "<group>"; };
		64F178D1D6D80E7817EC27BE /* Pods-NetworkArch.release.xcconfig */ = {isa = PBXFileReference; includeInIndex = 1; lastKnownFileType = text.xcconfig; name = "Pods-NetworkArch.release.xcconfig"; path = "Target Support Files/Pods-NetworkArch/Pods-NetworkArch.release.xcconfig"; sourceTree = "<group>"; };
		85C989C97A404801BF744738 /* Pods_NetworkArch.framework */ = {isa = PBXFileReference; explicitFileType = wrapper.framework; includeInIndex = 0; path = Pods_NetworkArch.framework; sourceTree = BUILT_PRODUCTS_DIR; };
		931148B5DB1D08389D6E8569 /* Pods_NetworkArch_NetworkArchUITests.framework */ = {isa = PBXFileReference; explicitFileType = wrapper.framework; includeInIndex = 0; path = Pods_NetworkArch_NetworkArchUITests.framework; sourceTree = BUILT_PRODUCTS_DIR; };
		9879EADCD3D1DD9153843A74 /* Pods-NetworkArchTests.debug.xcconfig */ = {isa = PBXFileReference; includeInIndex = 1; lastKnownFileType = text.xcconfig; name = "Pods-NetworkArchTests.debug.xcconfig"; path = "Target Support Files/Pods-NetworkArchTests/Pods-NetworkArchTests.debug.xcconfig"; sourceTree = "<group>"; };
		9F5857EAAB08097255033211 /* Pods-NetworkArch-NetworkArchUITests.release.xcconfig */ = {isa = PBXFileReference; includeInIndex = 1; lastKnownFileType = text.xcconfig; name = "Pods-NetworkArch-NetworkArchUITests.release.xcconfig"; path = "Target Support Files/Pods-NetworkArch-NetworkArchUITests/Pods-NetworkArch-NetworkArchUITests.release.xcconfig"; sourceTree = "<group>"; };
		B46405AE3FEBD5AA7E200088 /* Pods_NetworkArchTests.framework */ = {isa = PBXFileReference; explicitFileType = wrapper.framework; includeInIndex = 0; path = Pods_NetworkArchTests.framework; sourceTree = BUILT_PRODUCTS_DIR; };
		DD09A41D24F95EBC007DFC41 /* MailView.swift */ = {isa = PBXFileReference; lastKnownFileType = sourcecode.swift; path = MailView.swift; sourceTree = "<group>"; };
		DD09A41F24FBE842007DFC41 /* DNSModalBuyView.swift */ = {isa = PBXFileReference; lastKnownFileType = sourcecode.swift; path = DNSModalBuyView.swift; sourceTree = "<group>"; };
		DD0C3DCD24DA0FB000E90022 /* SearchBar.swift */ = {isa = PBXFileReference; lastKnownFileType = sourcecode.swift; path = SearchBar.swift; sourceTree = "<group>"; };
		DD0C3DD124DAB62300E90022 /* SimplePing.m */ = {isa = PBXFileReference; fileEncoding = 4; lastKnownFileType = sourcecode.c.objc; path = SimplePing.m; sourceTree = "<group>"; };
		DD0C3DD224DAB62400E90022 /* SimplePing.h */ = {isa = PBXFileReference; fileEncoding = 4; lastKnownFileType = sourcecode.c.h; path = SimplePing.h; sourceTree = "<group>"; };
		DD0C3DD424DAB66E00E90022 /* SimplePingClient.swift */ = {isa = PBXFileReference; lastKnownFileType = sourcecode.swift; path = SimplePingClient.swift; sourceTree = "<group>"; };
		DD0C3DD624DB2EE800E90022 /* PingManager.swift */ = {isa = PBXFileReference; lastKnownFileType = sourcecode.swift; path = PingManager.swift; sourceTree = "<group>"; };
		DD39DD4A2531EE8C00F9A17D /* PingGraph.swift */ = {isa = PBXFileReference; lastKnownFileType = sourcecode.swift; path = PingGraph.swift; sourceTree = "<group>"; };
		DD68FFDB24F7022300FEBA87 /* WhoisModalBuyView.swift */ = {isa = PBXFileReference; lastKnownFileType = sourcecode.swift; path = WhoisModalBuyView.swift; sourceTree = "<group>"; };
		DD73DBED24DE160100892524 /* WoLView.swift */ = {isa = PBXFileReference; lastKnownFileType = sourcecode.swift; path = WoLView.swift; sourceTree = "<group>"; };
		DD73DBEF24DE162000892524 /* TracerouteView.swift */ = {isa = PBXFileReference; lastKnownFileType = sourcecode.swift; path = TracerouteView.swift; sourceTree = "<group>"; };
		DD73DBF124DE163100892524 /* DNSLookupView.swift */ = {isa = PBXFileReference; lastKnownFileType = sourcecode.swift; path = DNSLookupView.swift; sourceTree = "<group>"; };
		DD73DBF524DF081A00892524 /* WoLManager.swift */ = {isa = PBXFileReference; lastKnownFileType = sourcecode.swift; path = WoLManager.swift; sourceTree = "<group>"; };
		DD73DBF824DF0FE300892524 /* WhoisView.swift */ = {isa = PBXFileReference; lastKnownFileType = sourcecode.swift; path = WhoisView.swift; sourceTree = "<group>"; };
		DD73DBFA24DF0FF200892524 /* WhoisManager.swift */ = {isa = PBXFileReference; lastKnownFileType = sourcecode.swift; path = WhoisManager.swift; sourceTree = "<group>"; };
		DD833014253B44ED007FBBB6 /* AdvertisingProvider.swift */ = {isa = PBXFileReference; lastKnownFileType = sourcecode.swift; path = AdvertisingProvider.swift; sourceTree = "<group>"; };
		DD833041253B49F0007FBBB6 /* AppDelegate.swift */ = {isa = PBXFileReference; lastKnownFileType = sourcecode.swift; path = AppDelegate.swift; sourceTree = "<group>"; };
		DD833046253B4CCF007FBBB6 /* ApplicationExtentions.swift */ = {isa = PBXFileReference; lastKnownFileType = sourcecode.swift; path = ApplicationExtentions.swift; sourceTree = "<group>"; };
		DD83304E253B509F007FBBB6 /* FullscreenSection.swift */ = {isa = PBXFileReference; lastKnownFileType = sourcecode.swift; path = FullscreenSection.swift; sourceTree = "<group>"; };
		DD8AB27924E5EC980090DD47 /* DNSManager.swift */ = {isa = PBXFileReference; lastKnownFileType = sourcecode.swift; path = DNSManager.swift; sourceTree = "<group>"; };
		DD8AB27B24E6BFBF0090DD47 /* ADNSTypeView.swift */ = {isa = PBXFileReference; lastKnownFileType = sourcecode.swift; path = ADNSTypeView.swift; sourceTree = "<group>"; };
		DD8E0EA824D6144100DE9780 /* NetworkArch-Bridging-Header.h */ = {isa = PBXFileReference; fileEncoding = 4; lastKnownFileType = sourcecode.c.h; path = "NetworkArch-Bridging-Header.h"; sourceTree = "<group>"; };
		DD8E0EA924D72B5100DE9780 /* CellularRadioConstants.swift */ = {isa = PBXFileReference; lastKnownFileType = sourcecode.swift; path = CellularRadioConstants.swift; sourceTree = "<group>"; };
		DD8E0EAB24D736B000DE9780 /* WiFiExternalIP.swift */ = {isa = PBXFileReference; lastKnownFileType = sourcecode.swift; path = WiFiExternalIP.swift; sourceTree = "<group>"; };
		DD8E0EAD24D7539600DE9780 /* PingView.swift */ = {isa = PBXFileReference; lastKnownFileType = sourcecode.swift; path = PingView.swift; sourceTree = "<group>"; };
		DD953A2D25310501002C3F12 /* SKReviewRequest.swift */ = {isa = PBXFileReference; lastKnownFileType = sourcecode.swift; path = SKReviewRequest.swift; sourceTree = "<group>"; };
		DD95D10124D5DA65000DA60F /* CellularData.swift */ = {isa = PBXFileReference; lastKnownFileType = sourcecode.swift; path = CellularData.swift; sourceTree = "<group>"; };
		DD95D10E24D60FA9000DA60F /* StatusView.swift */ = {isa = PBXFileReference; lastKnownFileType = sourcecode.swift; path = StatusView.swift; sourceTree = "<group>"; };
		DD9F035D24E57EB90006C658 /* Constants.swift */ = {isa = PBXFileReference; lastKnownFileType = sourcecode.swift; path = Constants.swift; sourceTree = "<group>"; };
		DDB65BB024E9AA2C00235519 /* AAAADNSTypeView.swift */ = {isa = PBXFileReference; lastKnownFileType = sourcecode.swift; path = AAAADNSTypeView.swift; sourceTree = "<group>"; };
		DDB65BB224E9ABEA00235519 /* NSDNSTypeView.swift */ = {isa = PBXFileReference; lastKnownFileType = sourcecode.swift; path = NSDNSTypeView.swift; sourceTree = "<group>"; };
		DDB65BB424E9AEF100235519 /* MXDNSTypeView.swift */ = {isa = PBXFileReference; lastKnownFileType = sourcecode.swift; path = MXDNSTypeView.swift; sourceTree = "<group>"; };
		DDB95ACC24E9C05600DC7A89 /* SOADNSTypeView.swift */ = {isa = PBXFileReference; lastKnownFileType = sourcecode.swift; path = SOADNSTypeView.swift; sourceTree = "<group>"; };
		DDB95ACE24EAE4CD00DC7A89 /* TXTDNSTypeView.swift */ = {isa = PBXFileReference; lastKnownFileType = sourcecode.swift; path = TXTDNSTypeView.swift; sourceTree = "<group>"; };
		DDB95AD224EFBB8E00DC7A89 /* InterfacesAddresses.swift */ = {isa = PBXFileReference; lastKnownFileType = sourcecode.swift; path = InterfacesAddresses.swift; sourceTree = "<group>"; };
		DDB95AD424F0582300DC7A89 /* StoreKit.framework */ = {isa = PBXFileReference; lastKnownFileType = wrapper.framework; name = StoreKit.framework; path = System/Library/Frameworks/StoreKit.framework; sourceTree = SDKROOT; };
		DDD129BB25163D3D00B886C0 /* InterfacesView.swift */ = {isa = PBXFileReference; lastKnownFileType = sourcecode.swift; path = InterfacesView.swift; sourceTree = "<group>"; };
		DDD75534250C03520033C0D5 /* DataUsageManager.swift */ = {isa = PBXFileReference; lastKnownFileType = sourcecode.swift; path = DataUsageManager.swift; sourceTree = "<group>"; };
		DDE3497624E0999100BEE1BA /* PacketSection.swift */ = {isa = PBXFileReference; lastKnownFileType = sourcecode.swift; path = PacketSection.swift; sourceTree = "<group>"; };
		DDE3497824E09A2600BEE1BA /* ErrorSection.swift */ = {isa = PBXFileReference; lastKnownFileType = sourcecode.swift; path = ErrorSection.swift; sourceTree = "<group>"; };
		DDEBD43C24D41EB100623F3F /* NetworkArch.app */ = {isa = PBXFileReference; explicitFileType = wrapper.application; includeInIndex = 0; path = NetworkArch.app; sourceTree = BUILT_PRODUCTS_DIR; };
		DDEBD43F24D41EB100623F3F /* NetworkArchApp.swift */ = {isa = PBXFileReference; lastKnownFileType = sourcecode.swift; path = NetworkArchApp.swift; sourceTree = "<group>"; };
		DDEBD44124D41EB100623F3F /* ContentView.swift */ = {isa = PBXFileReference; lastKnownFileType = sourcecode.swift; path = ContentView.swift; sourceTree = "<group>"; };
		DDEBD44324D41EB300623F3F /* Assets.xcassets */ = {isa = PBXFileReference; lastKnownFileType = folder.assetcatalog; path = Assets.xcassets; sourceTree = "<group>"; };
		DDEBD44624D41EB300623F3F /* Preview Assets.xcassets */ = {isa = PBXFileReference; lastKnownFileType = folder.assetcatalog; path = "Preview Assets.xcassets"; sourceTree = "<group>"; };
		DDEBD44824D41EB300623F3F /* Info.plist */ = {isa = PBXFileReference; lastKnownFileType = text.plist.xml; path = Info.plist; sourceTree = "<group>"; };
		DDEBD44D24D41EB300623F3F /* NetworkArchTests.xctest */ = {isa = PBXFileReference; explicitFileType = wrapper.cfbundle; includeInIndex = 0; path = NetworkArchTests.xctest; sourceTree = BUILT_PRODUCTS_DIR; };
		DDEBD45124D41EB300623F3F /* NetworkArchTests.swift */ = {isa = PBXFileReference; lastKnownFileType = sourcecode.swift; path = NetworkArchTests.swift; sourceTree = "<group>"; };
		DDEBD45324D41EB300623F3F /* Info.plist */ = {isa = PBXFileReference; lastKnownFileType = text.plist.xml; path = Info.plist; sourceTree = "<group>"; };
		DDEBD45824D41EB300623F3F /* NetworkArchUITests.xctest */ = {isa = PBXFileReference; explicitFileType = wrapper.cfbundle; includeInIndex = 0; path = NetworkArchUITests.xctest; sourceTree = BUILT_PRODUCTS_DIR; };
		DDEBD45C24D41EB300623F3F /* NetworkArchUITests.swift */ = {isa = PBXFileReference; lastKnownFileType = sourcecode.swift; path = NetworkArchUITests.swift; sourceTree = "<group>"; };
		DDEBD45E24D41EB300623F3F /* Info.plist */ = {isa = PBXFileReference; lastKnownFileType = text.plist.xml; path = Info.plist; sourceTree = "<group>"; };
		DDEBD46A24D41FF700623F3F /* OverviewTab.swift */ = {isa = PBXFileReference; lastKnownFileType = sourcecode.swift; path = OverviewTab.swift; sourceTree = "<group>"; };
		DDEBD46C24D4200E00623F3F /* SettingsTab.swift */ = {isa = PBXFileReference; lastKnownFileType = sourcecode.swift; path = SettingsTab.swift; sourceTree = "<group>"; };
		DDEBD47024D4235B00623F3F /* WiFiSection.swift */ = {isa = PBXFileReference; lastKnownFileType = sourcecode.swift; path = WiFiSection.swift; sourceTree = "<group>"; };
		DDEBD47424D423F900623F3F /* CellularSection.swift */ = {isa = PBXFileReference; lastKnownFileType = sourcecode.swift; path = CellularSection.swift; sourceTree = "<group>"; };
		DDEBD48324D43AB800623F3F /* NetworkArch.entitlements */ = {isa = PBXFileReference; lastKnownFileType = text.plist.entitlements; path = NetworkArch.entitlements; sourceTree = "<group>"; };
		DDEBD48624D46D4600623F3F /* WiFiDetailView.swift */ = {isa = PBXFileReference; lastKnownFileType = sourcecode.swift; path = WiFiDetailView.swift; sourceTree = "<group>"; };
		DDEBD48824D4A06800623F3F /* CellularDetailView.swift */ = {isa = PBXFileReference; lastKnownFileType = sourcecode.swift; path = CellularDetailView.swift; sourceTree = "<group>"; };
		DDEBD48E24D4B25900623F3F /* InfoRow.swift */ = {isa = PBXFileReference; lastKnownFileType = sourcecode.swift; path = InfoRow.swift; sourceTree = "<group>"; };
		F2F3BEED351242099F3BE14F /* Pods-NetworkArch.debug.xcconfig */ = {isa = PBXFileReference; includeInIndex = 1; lastKnownFileType = text.xcconfig; name = "Pods-NetworkArch.debug.xcconfig"; path = "Target Support Files/Pods-NetworkArch/Pods-NetworkArch.debug.xcconfig"; sourceTree = "<group>"; };
/* End PBXFileReference section */

/* Begin PBXFrameworksBuildPhase section */
		DDEBD43924D41EB100623F3F /* Frameworks */ = {
			isa = PBXFrameworksBuildPhase;
			buildActionMask = 2147483647;
			files = (
				DD64A9CC25164DCD006BFE9F /* NetUtils in Frameworks */,
				DD953A34253107CB002C3F12 /* SwiftUICharts in Frameworks */,
				DDB95AD524F0582300DC7A89 /* StoreKit.framework in Frameworks */,
				53ECDCE49B7ED68EDC3958B6 /* Pods_NetworkArch.framework in Frameworks */,
			);
			runOnlyForDeploymentPostprocessing = 0;
		};
		DDEBD44A24D41EB300623F3F /* Frameworks */ = {
			isa = PBXFrameworksBuildPhase;
			buildActionMask = 2147483647;
			files = (
				CB8C355C53F70791AE9D35CF /* Pods_NetworkArchTests.framework in Frameworks */,
			);
			runOnlyForDeploymentPostprocessing = 0;
		};
		DDEBD45524D41EB300623F3F /* Frameworks */ = {
			isa = PBXFrameworksBuildPhase;
			buildActionMask = 2147483647;
			files = (
				0D9DE3D0E71BB34E8112C9DC /* Pods_NetworkArch_NetworkArchUITests.framework in Frameworks */,
			);
			runOnlyForDeploymentPostprocessing = 0;
		};
/* End PBXFrameworksBuildPhase section */

/* Begin PBXGroup section */
		0729737DDBCC4E7AC930A254 /* Frameworks */ = {
			isa = PBXGroup;
			children = (
				DDB95AD424F0582300DC7A89 /* StoreKit.framework */,
				85C989C97A404801BF744738 /* Pods_NetworkArch.framework */,
				931148B5DB1D08389D6E8569 /* Pods_NetworkArch_NetworkArchUITests.framework */,
				B46405AE3FEBD5AA7E200088 /* Pods_NetworkArchTests.framework */,
			);
			name = Frameworks;
			sourceTree = "<group>";
		};
		AB928706E598A11A1965A14C /* Pods */ = {
			isa = PBXGroup;
			children = (
				F2F3BEED351242099F3BE14F /* Pods-NetworkArch.debug.xcconfig */,
				64F178D1D6D80E7817EC27BE /* Pods-NetworkArch.release.xcconfig */,
				36DB0CE4ED101923E014325F /* Pods-NetworkArch-NetworkArchUITests.debug.xcconfig */,
				9F5857EAAB08097255033211 /* Pods-NetworkArch-NetworkArchUITests.release.xcconfig */,
				9879EADCD3D1DD9153843A74 /* Pods-NetworkArchTests.debug.xcconfig */,
				462BE87EFBD8789972E8D41D /* Pods-NetworkArchTests.release.xcconfig */,
			);
			path = Pods;
			sourceTree = "<group>";
		};
		DD73DBE724DE153A00892524 /* Wake on LAN */ = {
			isa = PBXGroup;
			children = (
				DD73DBED24DE160100892524 /* WoLView.swift */,
				DDE3497624E0999100BEE1BA /* PacketSection.swift */,
				DDE3497824E09A2600BEE1BA /* ErrorSection.swift */,
				DD73DBF524DF081A00892524 /* WoLManager.swift */,
			);
			path = "Wake on LAN";
			sourceTree = "<group>";
		};
		DD73DBE824DE154C00892524 /* Traceroute */ = {
			isa = PBXGroup;
			children = (
				DD73DBEF24DE162000892524 /* TracerouteView.swift */,
			);
			path = Traceroute;
			sourceTree = "<group>";
		};
		DD73DBE924DE157400892524 /* DNS Lookup */ = {
			isa = PBXGroup;
			children = (
				DD73DBF124DE163100892524 /* DNSLookupView.swift */,
				DD09A41F24FBE842007DFC41 /* DNSModalBuyView.swift */,
				DD8AB27924E5EC980090DD47 /* DNSManager.swift */,
				DD8AB27B24E6BFBF0090DD47 /* ADNSTypeView.swift */,
				DDB65BB024E9AA2C00235519 /* AAAADNSTypeView.swift */,
				DDB65BB224E9ABEA00235519 /* NSDNSTypeView.swift */,
				DDB95ACC24E9C05600DC7A89 /* SOADNSTypeView.swift */,
				DDB65BB424E9AEF100235519 /* MXDNSTypeView.swift */,
				DDB95ACE24EAE4CD00DC7A89 /* TXTDNSTypeView.swift */,
			);
			path = "DNS Lookup";
			sourceTree = "<group>";
		};
		DD73DBF724DF0FD200892524 /* Whois */ = {
			isa = PBXGroup;
			children = (
				DD73DBF824DF0FE300892524 /* WhoisView.swift */,
				DD68FFDB24F7022300FEBA87 /* WhoisModalBuyView.swift */,
				DD73DBFA24DF0FF200892524 /* WhoisManager.swift */,
			);
			path = Whois;
			sourceTree = "<group>";
		};
		DD8E0EB124D754BC00DE9780 /* Ping */ = {
			isa = PBXGroup;
			children = (
				DD8E0EAD24D7539600DE9780 /* PingView.swift */,
				DD39DD4A2531EE8C00F9A17D /* PingGraph.swift */,
				DD0C3DD624DB2EE800E90022 /* PingManager.swift */,
				DD0C3DD424DAB66E00E90022 /* SimplePingClient.swift */,
				DD0C3DD224DAB62400E90022 /* SimplePing.h */,
				DD0C3DD124DAB62300E90022 /* SimplePing.m */,
			);
			path = Ping;
			sourceTree = "<group>";
		};
		DDEBD43324D41EB100623F3F = {
			isa = PBXGroup;
			children = (
				DDEBD43E24D41EB100623F3F /* NetworkArch */,
				DDEBD45024D41EB300623F3F /* NetworkArchTests */,
				DDEBD45B24D41EB300623F3F /* NetworkArchUITests */,
				DDEBD43D24D41EB100623F3F /* Products */,
				AB928706E598A11A1965A14C /* Pods */,
				0729737DDBCC4E7AC930A254 /* Frameworks */,
			);
			sourceTree = "<group>";
		};
		DDEBD43D24D41EB100623F3F /* Products */ = {
			isa = PBXGroup;
			children = (
				DDEBD43C24D41EB100623F3F /* NetworkArch.app */,
				DDEBD44D24D41EB300623F3F /* NetworkArchTests.xctest */,
				DDEBD45824D41EB300623F3F /* NetworkArchUITests.xctest */,
			);
			name = Products;
			sourceTree = "<group>";
		};
		DDEBD43E24D41EB100623F3F /* NetworkArch */ = {
			isa = PBXGroup;
			children = (
				DDEBD48324D43AB800623F3F /* NetworkArch.entitlements */,
				DDEBD43F24D41EB100623F3F /* NetworkArchApp.swift */,
				DD833041253B49F0007FBBB6 /* AppDelegate.swift */,
				DD833046253B4CCF007FBBB6 /* ApplicationExtentions.swift */,
				DD9F035D24E57EB90006C658 /* Constants.swift */,
				DDEBD44124D41EB100623F3F /* ContentView.swift */,
				DD833014253B44ED007FBBB6 /* AdvertisingProvider.swift */,
				DD83304E253B509F007FBBB6 /* FullscreenSection.swift */,
				DD953A2D25310501002C3F12 /* SKReviewRequest.swift */,
				DDEBD47F24D4281100623F3F /* Overview */,
				DDEBD48024D4283800623F3F /* Settings */,
				DDEBD44324D41EB300623F3F /* Assets.xcassets */,
				DDEBD44824D41EB300623F3F /* Info.plist */,
				DD8E0EA824D6144100DE9780 /* NetworkArch-Bridging-Header.h */,
				DDEBD44524D41EB300623F3F /* Preview Content */,
			);
			path = NetworkArch;
			sourceTree = "<group>";
		};
		DDEBD44524D41EB300623F3F /* Preview Content */ = {
			isa = PBXGroup;
			children = (
				DDEBD44624D41EB300623F3F /* Preview Assets.xcassets */,
			);
			path = "Preview Content";
			sourceTree = "<group>";
		};
		DDEBD45024D41EB300623F3F /* NetworkArchTests */ = {
			isa = PBXGroup;
			children = (
				DDEBD45124D41EB300623F3F /* NetworkArchTests.swift */,
				DDEBD45324D41EB300623F3F /* Info.plist */,
			);
			path = NetworkArchTests;
			sourceTree = "<group>";
		};
		DDEBD45B24D41EB300623F3F /* NetworkArchUITests */ = {
			isa = PBXGroup;
			children = (
				DDEBD45C24D41EB300623F3F /* NetworkArchUITests.swift */,
				DDEBD45E24D41EB300623F3F /* Info.plist */,
			);
			path = NetworkArchUITests;
			sourceTree = "<group>";
		};
		DDEBD47824D4248F00623F3F /* Wi-Fi */ = {
			isa = PBXGroup;
			children = (
				DDEBD47024D4235B00623F3F /* WiFiSection.swift */,
				DDEBD48624D46D4600623F3F /* WiFiDetailView.swift */,
				DD8E0EAB24D736B000DE9780 /* WiFiExternalIP.swift */,
				DDD129BB25163D3D00B886C0 /* InterfacesView.swift */,
			);
			path = "Wi-Fi";
			sourceTree = "<group>";
		};
		DDEBD47924D424A300623F3F /* Cellular */ = {
			isa = PBXGroup;
			children = (
				DDEBD47424D423F900623F3F /* CellularSection.swift */,
				DDEBD48824D4A06800623F3F /* CellularDetailView.swift */,
				DD95D10124D5DA65000DA60F /* CellularData.swift */,
				DD8E0EA924D72B5100DE9780 /* CellularRadioConstants.swift */,
			);
			path = Cellular;
			sourceTree = "<group>";
		};
		DDEBD47A24D424AF00623F3F /* Tools */ = {
			isa = PBXGroup;
			children = (
				DD0C3DCD24DA0FB000E90022 /* SearchBar.swift */,
				DD8E0EB124D754BC00DE9780 /* Ping */,
				DD73DBE724DE153A00892524 /* Wake on LAN */,
				DD73DBF724DF0FD200892524 /* Whois */,
				DD73DBE924DE157400892524 /* DNS Lookup */,
				DD73DBE824DE154C00892524 /* Traceroute */,
			);
			path = Tools;
			sourceTree = "<group>";
		};
		DDEBD47F24D4281100623F3F /* Overview */ = {
			isa = PBXGroup;
			children = (
				DDEBD46A24D41FF700623F3F /* OverviewTab.swift */,
				DD95D10E24D60FA9000DA60F /* StatusView.swift */,
				DDEBD48E24D4B25900623F3F /* InfoRow.swift */,
				DDB95AD224EFBB8E00DC7A89 /* InterfacesAddresses.swift */,
				DDD75534250C03520033C0D5 /* DataUsageManager.swift */,
				DDEBD47824D4248F00623F3F /* Wi-Fi */,
				DDEBD47924D424A300623F3F /* Cellular */,
				DDEBD47A24D424AF00623F3F /* Tools */,
			);
			path = Overview;
			sourceTree = "<group>";
		};
		DDEBD48024D4283800623F3F /* Settings */ = {
			isa = PBXGroup;
			children = (
				DDEBD46C24D4200E00623F3F /* SettingsTab.swift */,
				DD09A41D24F95EBC007DFC41 /* MailView.swift */,
			);
			path = Settings;
			sourceTree = "<group>";
		};
/* End PBXGroup section */

/* Begin PBXNativeTarget section */
		DDEBD43B24D41EB100623F3F /* NetworkArch */ = {
			isa = PBXNativeTarget;
			buildConfigurationList = DDEBD46124D41EB300623F3F /* Build configuration list for PBXNativeTarget "NetworkArch" */;
			buildPhases = (
				C693CA93CCF1628FA684DB04 /* [CP] Check Pods Manifest.lock */,
				DDEBD43824D41EB100623F3F /* Sources */,
				DDEBD43924D41EB100623F3F /* Frameworks */,
				DDEBD43A24D41EB100623F3F /* Resources */,
				363BEC686B91DE0E633C54C5 /* [CP] Embed Pods Frameworks */,
				CA57A8B9CDF89221FB29A2B6 /* [CP] Copy Pods Resources */,
			);
			buildRules = (
			);
			dependencies = (
			);
			name = NetworkArch;
			packageProductDependencies = (
				DD64A9CB25164DCD006BFE9F /* NetUtils */,
				DD953A33253107CB002C3F12 /* SwiftUICharts */,
			);
			productName = NetworkArch;
			productReference = DDEBD43C24D41EB100623F3F /* NetworkArch.app */;
			productType = "com.apple.product-type.application";
		};
		DDEBD44C24D41EB300623F3F /* NetworkArchTests */ = {
			isa = PBXNativeTarget;
			buildConfigurationList = DDEBD46424D41EB300623F3F /* Build configuration list for PBXNativeTarget "NetworkArchTests" */;
			buildPhases = (
				B93AA4E2714D8B3490E1A543 /* [CP] Check Pods Manifest.lock */,
				DDEBD44924D41EB300623F3F /* Sources */,
				DDEBD44A24D41EB300623F3F /* Frameworks */,
				DDEBD44B24D41EB300623F3F /* Resources */,
			);
			buildRules = (
			);
			dependencies = (
				DDEBD44F24D41EB300623F3F /* PBXTargetDependency */,
			);
			name = NetworkArchTests;
			productName = NetworkArchTests;
			productReference = DDEBD44D24D41EB300623F3F /* NetworkArchTests.xctest */;
			productType = "com.apple.product-type.bundle.unit-test";
		};
		DDEBD45724D41EB300623F3F /* NetworkArchUITests */ = {
			isa = PBXNativeTarget;
			buildConfigurationList = DDEBD46724D41EB300623F3F /* Build configuration list for PBXNativeTarget "NetworkArchUITests" */;
			buildPhases = (
				5912E7CB9C94E6F6302807D9 /* [CP] Check Pods Manifest.lock */,
				DDEBD45424D41EB300623F3F /* Sources */,
				DDEBD45524D41EB300623F3F /* Frameworks */,
				DDEBD45624D41EB300623F3F /* Resources */,
				E00B583986157A1EEE5B720A /* [CP] Embed Pods Frameworks */,
				3B6B2835D31FAE58B1FC9FBA /* [CP] Copy Pods Resources */,
			);
			buildRules = (
			);
			dependencies = (
				DDEBD45A24D41EB300623F3F /* PBXTargetDependency */,
			);
			name = NetworkArchUITests;
			productName = NetworkArchUITests;
			productReference = DDEBD45824D41EB300623F3F /* NetworkArchUITests.xctest */;
			productType = "com.apple.product-type.bundle.ui-testing";
		};
/* End PBXNativeTarget section */

/* Begin PBXProject section */
		DDEBD43424D41EB100623F3F /* Project object */ = {
			isa = PBXProject;
			attributes = {
				LastSwiftUpdateCheck = 1200;
				LastUpgradeCheck = 1200;
				TargetAttributes = {
					DDEBD43B24D41EB100623F3F = {
						CreatedOnToolsVersion = 12.0;
						LastSwiftMigration = 1200;
					};
					DDEBD44C24D41EB300623F3F = {
						CreatedOnToolsVersion = 12.0;
						TestTargetID = DDEBD43B24D41EB100623F3F;
					};
					DDEBD45724D41EB300623F3F = {
						CreatedOnToolsVersion = 12.0;
						TestTargetID = DDEBD43B24D41EB100623F3F;
					};
				};
			};
			buildConfigurationList = DDEBD43724D41EB100623F3F /* Build configuration list for PBXProject "NetworkArch" */;
			compatibilityVersion = "Xcode 9.3";
			developmentRegion = en;
			hasScannedForEncodings = 0;
			knownRegions = (
				en,
				Base,
			);
			mainGroup = DDEBD43324D41EB100623F3F;
			packageReferences = (
				DD64A9CA25164DCD006BFE9F /* XCRemoteSwiftPackageReference "swift-netutils" */,
				DD953A32253107CB002C3F12 /* XCRemoteSwiftPackageReference "ChartView" */,
			);
			productRefGroup = DDEBD43D24D41EB100623F3F /* Products */;
			projectDirPath = "";
			projectRoot = "";
			targets = (
				DDEBD43B24D41EB100623F3F /* NetworkArch */,
				DDEBD44C24D41EB300623F3F /* NetworkArchTests */,
				DDEBD45724D41EB300623F3F /* NetworkArchUITests */,
			);
		};
/* End PBXProject section */

/* Begin PBXResourcesBuildPhase section */
		DDEBD43A24D41EB100623F3F /* Resources */ = {
			isa = PBXResourcesBuildPhase;
			buildActionMask = 2147483647;
			files = (
				DDEBD44724D41EB300623F3F /* Preview Assets.xcassets in Resources */,
				DDEBD44424D41EB300623F3F /* Assets.xcassets in Resources */,
			);
			runOnlyForDeploymentPostprocessing = 0;
		};
		DDEBD44B24D41EB300623F3F /* Resources */ = {
			isa = PBXResourcesBuildPhase;
			buildActionMask = 2147483647;
			files = (
			);
			runOnlyForDeploymentPostprocessing = 0;
		};
		DDEBD45624D41EB300623F3F /* Resources */ = {
			isa = PBXResourcesBuildPhase;
			buildActionMask = 2147483647;
			files = (
			);
			runOnlyForDeploymentPostprocessing = 0;
		};
/* End PBXResourcesBuildPhase section */

/* Begin PBXShellScriptBuildPhase section */
		363BEC686B91DE0E633C54C5 /* [CP] Embed Pods Frameworks */ = {
			isa = PBXShellScriptBuildPhase;
			buildActionMask = 2147483647;
			files = (
			);
			inputFileListPaths = (
				"${PODS_ROOT}/Target Support Files/Pods-NetworkArch/Pods-NetworkArch-frameworks-${CONFIGURATION}-input-files.xcfilelist",
			);
			name = "[CP] Embed Pods Frameworks";
			outputFileListPaths = (
				"${PODS_ROOT}/Target Support Files/Pods-NetworkArch/Pods-NetworkArch-frameworks-${CONFIGURATION}-output-files.xcfilelist",
			);
			runOnlyForDeploymentPostprocessing = 0;
			shellPath = /bin/sh;
			shellScript = "\"${PODS_ROOT}/Target Support Files/Pods-NetworkArch/Pods-NetworkArch-frameworks.sh\"\n";
			showEnvVarsInLog = 0;
		};
		3B6B2835D31FAE58B1FC9FBA /* [CP] Copy Pods Resources */ = {
			isa = PBXShellScriptBuildPhase;
			buildActionMask = 2147483647;
			files = (
			);
			inputFileListPaths = (
				"${PODS_ROOT}/Target Support Files/Pods-NetworkArch-NetworkArchUITests/Pods-NetworkArch-NetworkArchUITests-resources-${CONFIGURATION}-input-files.xcfilelist",
			);
			name = "[CP] Copy Pods Resources";
			outputFileListPaths = (
				"${PODS_ROOT}/Target Support Files/Pods-NetworkArch-NetworkArchUITests/Pods-NetworkArch-NetworkArchUITests-resources-${CONFIGURATION}-output-files.xcfilelist",
			);
			runOnlyForDeploymentPostprocessing = 0;
			shellPath = /bin/sh;
			shellScript = "\"${PODS_ROOT}/Target Support Files/Pods-NetworkArch-NetworkArchUITests/Pods-NetworkArch-NetworkArchUITests-resources.sh\"\n";
			showEnvVarsInLog = 0;
		};
		5912E7CB9C94E6F6302807D9 /* [CP] Check Pods Manifest.lock */ = {
			isa = PBXShellScriptBuildPhase;
			buildActionMask = 2147483647;
			files = (
			);
			inputFileListPaths = (
			);
			inputPaths = (
				"${PODS_PODFILE_DIR_PATH}/Podfile.lock",
				"${PODS_ROOT}/Manifest.lock",
			);
			name = "[CP] Check Pods Manifest.lock";
			outputFileListPaths = (
			);
			outputPaths = (
				"$(DERIVED_FILE_DIR)/Pods-NetworkArch-NetworkArchUITests-checkManifestLockResult.txt",
			);
			runOnlyForDeploymentPostprocessing = 0;
			shellPath = /bin/sh;
			shellScript = "diff \"${PODS_PODFILE_DIR_PATH}/Podfile.lock\" \"${PODS_ROOT}/Manifest.lock\" > /dev/null\nif [ $? != 0 ] ; then\n    # print error to STDERR\n    echo \"error: The sandbox is not in sync with the Podfile.lock. Run 'pod install' or update your CocoaPods installation.\" >&2\n    exit 1\nfi\n# This output is used by Xcode 'outputs' to avoid re-running this script phase.\necho \"SUCCESS\" > \"${SCRIPT_OUTPUT_FILE_0}\"\n";
			showEnvVarsInLog = 0;
		};
		B93AA4E2714D8B3490E1A543 /* [CP] Check Pods Manifest.lock */ = {
			isa = PBXShellScriptBuildPhase;
			buildActionMask = 2147483647;
			files = (
			);
			inputFileListPaths = (
			);
			inputPaths = (
				"${PODS_PODFILE_DIR_PATH}/Podfile.lock",
				"${PODS_ROOT}/Manifest.lock",
			);
			name = "[CP] Check Pods Manifest.lock";
			outputFileListPaths = (
			);
			outputPaths = (
				"$(DERIVED_FILE_DIR)/Pods-NetworkArchTests-checkManifestLockResult.txt",
			);
			runOnlyForDeploymentPostprocessing = 0;
			shellPath = /bin/sh;
			shellScript = "diff \"${PODS_PODFILE_DIR_PATH}/Podfile.lock\" \"${PODS_ROOT}/Manifest.lock\" > /dev/null\nif [ $? != 0 ] ; then\n    # print error to STDERR\n    echo \"error: The sandbox is not in sync with the Podfile.lock. Run 'pod install' or update your CocoaPods installation.\" >&2\n    exit 1\nfi\n# This output is used by Xcode 'outputs' to avoid re-running this script phase.\necho \"SUCCESS\" > \"${SCRIPT_OUTPUT_FILE_0}\"\n";
			showEnvVarsInLog = 0;
		};
		C693CA93CCF1628FA684DB04 /* [CP] Check Pods Manifest.lock */ = {
			isa = PBXShellScriptBuildPhase;
			buildActionMask = 2147483647;
			files = (
			);
			inputFileListPaths = (
			);
			inputPaths = (
				"${PODS_PODFILE_DIR_PATH}/Podfile.lock",
				"${PODS_ROOT}/Manifest.lock",
			);
			name = "[CP] Check Pods Manifest.lock";
			outputFileListPaths = (
			);
			outputPaths = (
				"$(DERIVED_FILE_DIR)/Pods-NetworkArch-checkManifestLockResult.txt",
			);
			runOnlyForDeploymentPostprocessing = 0;
			shellPath = /bin/sh;
			shellScript = "diff \"${PODS_PODFILE_DIR_PATH}/Podfile.lock\" \"${PODS_ROOT}/Manifest.lock\" > /dev/null\nif [ $? != 0 ] ; then\n    # print error to STDERR\n    echo \"error: The sandbox is not in sync with the Podfile.lock. Run 'pod install' or update your CocoaPods installation.\" >&2\n    exit 1\nfi\n# This output is used by Xcode 'outputs' to avoid re-running this script phase.\necho \"SUCCESS\" > \"${SCRIPT_OUTPUT_FILE_0}\"\n";
			showEnvVarsInLog = 0;
		};
		CA57A8B9CDF89221FB29A2B6 /* [CP] Copy Pods Resources */ = {
			isa = PBXShellScriptBuildPhase;
			buildActionMask = 2147483647;
			files = (
			);
			inputFileListPaths = (
				"${PODS_ROOT}/Target Support Files/Pods-NetworkArch/Pods-NetworkArch-resources-${CONFIGURATION}-input-files.xcfilelist",
			);
			name = "[CP] Copy Pods Resources";
			outputFileListPaths = (
				"${PODS_ROOT}/Target Support Files/Pods-NetworkArch/Pods-NetworkArch-resources-${CONFIGURATION}-output-files.xcfilelist",
			);
			runOnlyForDeploymentPostprocessing = 0;
			shellPath = /bin/sh;
			shellScript = "\"${PODS_ROOT}/Target Support Files/Pods-NetworkArch/Pods-NetworkArch-resources.sh\"\n";
			showEnvVarsInLog = 0;
		};
		E00B583986157A1EEE5B720A /* [CP] Embed Pods Frameworks */ = {
			isa = PBXShellScriptBuildPhase;
			buildActionMask = 2147483647;
			files = (
			);
			inputFileListPaths = (
				"${PODS_ROOT}/Target Support Files/Pods-NetworkArch-NetworkArchUITests/Pods-NetworkArch-NetworkArchUITests-frameworks-${CONFIGURATION}-input-files.xcfilelist",
			);
			name = "[CP] Embed Pods Frameworks";
			outputFileListPaths = (
				"${PODS_ROOT}/Target Support Files/Pods-NetworkArch-NetworkArchUITests/Pods-NetworkArch-NetworkArchUITests-frameworks-${CONFIGURATION}-output-files.xcfilelist",
			);
			runOnlyForDeploymentPostprocessing = 0;
			shellPath = /bin/sh;
			shellScript = "\"${PODS_ROOT}/Target Support Files/Pods-NetworkArch-NetworkArchUITests/Pods-NetworkArch-NetworkArchUITests-frameworks.sh\"\n";
			showEnvVarsInLog = 0;
		};
/* End PBXShellScriptBuildPhase section */

/* Begin PBXSourcesBuildPhase section */
		DDEBD43824D41EB100623F3F /* Sources */ = {
			isa = PBXSourcesBuildPhase;
			buildActionMask = 2147483647;
			files = (
				DD73DBF924DF0FE300892524 /* WhoisView.swift in Sources */,
				DD8E0EAC24D736B000DE9780 /* WiFiExternalIP.swift in Sources */,
				DD68FFDC24F7022300FEBA87 /* WhoisModalBuyView.swift in Sources */,
				DD0C3DD724DB2EE800E90022 /* PingManager.swift in Sources */,
				DDB65BB524E9AEF100235519 /* MXDNSTypeView.swift in Sources */,
				DDE3497924E09A2600BEE1BA /* ErrorSection.swift in Sources */,
				DDB95ACF24EAE4CD00DC7A89 /* TXTDNSTypeView.swift in Sources */,
				DD953A2E25310501002C3F12 /* SKReviewRequest.swift in Sources */,
				DDB95AD324EFBB8F00DC7A89 /* InterfacesAddresses.swift in Sources */,
				DDE3497724E0999100BEE1BA /* PacketSection.swift in Sources */,
				DD8AB27A24E5EC980090DD47 /* DNSManager.swift in Sources */,
				DDD75535250C03520033C0D5 /* DataUsageManager.swift in Sources */,
				DDEBD48724D46D4600623F3F /* WiFiDetailView.swift in Sources */,
				DD0C3DD324DAB62400E90022 /* SimplePing.m in Sources */,
				DD8E0EAA24D72B5100DE9780 /* CellularRadioConstants.swift in Sources */,
				DD8AB27C24E6BFBF0090DD47 /* ADNSTypeView.swift in Sources */,
				DD95D10F24D60FA9000DA60F /* StatusView.swift in Sources */,
				DD39DD4B2531EE8C00F9A17D /* PingGraph.swift in Sources */,
				DDD129BC25163D3D00B886C0 /* InterfacesView.swift in Sources */,
				DD0C3DCE24DA0FB000E90022 /* SearchBar.swift in Sources */,
				DDB95ACD24E9C05600DC7A89 /* SOADNSTypeView.swift in Sources */,
				DD73DBF624DF081A00892524 /* WoLManager.swift in Sources */,
				DD833042253B49F0007FBBB6 /* AppDelegate.swift in Sources */,
				DD9F035E24E57EB90006C658 /* Constants.swift in Sources */,
				DDEBD46D24D4200E00623F3F /* SettingsTab.swift in Sources */,
				DD833015253B44EE007FBBB6 /* AdvertisingProvider.swift in Sources */,
				DDEBD48924D4A06800623F3F /* CellularDetailView.swift in Sources */,
				DDB65BB324E9ABEA00235519 /* NSDNSTypeView.swift in Sources */,
				DD73DBF224DE163100892524 /* DNSLookupView.swift in Sources */,
				DD73DBFB24DF0FF200892524 /* WhoisManager.swift in Sources */,
				DD0C3DD524DAB66E00E90022 /* SimplePingClient.swift in Sources */,
				DD95D10224D5DA65000DA60F /* CellularData.swift in Sources */,
				DD73DBEE24DE160100892524 /* WoLView.swift in Sources */,
				DDB65BB124E9AA2D00235519 /* AAAADNSTypeView.swift in Sources */,
				DDEBD47524D423F900623F3F /* CellularSection.swift in Sources */,
				DD73DBF024DE162000892524 /* TracerouteView.swift in Sources */,
				DDEBD44224D41EB100623F3F /* ContentView.swift in Sources */,
				DDEBD44024D41EB100623F3F /* NetworkArchApp.swift in Sources */,
				DDEBD46B24D41FF700623F3F /* OverviewTab.swift in Sources */,
				DDEBD47124D4235B00623F3F /* WiFiSection.swift in Sources */,
				DD83304F253B509F007FBBB6 /* FullscreenSection.swift in Sources */,
				DD833047253B4CD0007FBBB6 /* ApplicationExtentions.swift in Sources */,
				DD8E0EAE24D7539600DE9780 /* PingView.swift in Sources */,
				DD09A42024FBE842007DFC41 /* DNSModalBuyView.swift in Sources */,
				DD09A41E24F95EBD007DFC41 /* MailView.swift in Sources */,
				DDEBD48F24D4B25900623F3F /* InfoRow.swift in Sources */,
			);
			runOnlyForDeploymentPostprocessing = 0;
		};
		DDEBD44924D41EB300623F3F /* Sources */ = {
			isa = PBXSourcesBuildPhase;
			buildActionMask = 2147483647;
			files = (
				DDEBD45224D41EB300623F3F /* NetworkArchTests.swift in Sources */,
			);
			runOnlyForDeploymentPostprocessing = 0;
		};
		DDEBD45424D41EB300623F3F /* Sources */ = {
			isa = PBXSourcesBuildPhase;
			buildActionMask = 2147483647;
			files = (
				DDEBD45D24D41EB300623F3F /* NetworkArchUITests.swift in Sources */,
			);
			runOnlyForDeploymentPostprocessing = 0;
		};
/* End PBXSourcesBuildPhase section */

/* Begin PBXTargetDependency section */
		DDEBD44F24D41EB300623F3F /* PBXTargetDependency */ = {
			isa = PBXTargetDependency;
			target = DDEBD43B24D41EB100623F3F /* NetworkArch */;
			targetProxy = DDEBD44E24D41EB300623F3F /* PBXContainerItemProxy */;
		};
		DDEBD45A24D41EB300623F3F /* PBXTargetDependency */ = {
			isa = PBXTargetDependency;
			target = DDEBD43B24D41EB100623F3F /* NetworkArch */;
			targetProxy = DDEBD45924D41EB300623F3F /* PBXContainerItemProxy */;
		};
/* End PBXTargetDependency section */

/* Begin XCBuildConfiguration section */
		DDEBD45F24D41EB300623F3F /* Debug */ = {
			isa = XCBuildConfiguration;
			buildSettings = {
				ALWAYS_SEARCH_USER_PATHS = NO;
				CLANG_ANALYZER_NONNULL = YES;
				CLANG_ANALYZER_NUMBER_OBJECT_CONVERSION = YES_AGGRESSIVE;
				CLANG_CXX_LANGUAGE_STANDARD = "gnu++14";
				CLANG_CXX_LIBRARY = "libc++";
				CLANG_ENABLE_MODULES = YES;
				CLANG_ENABLE_OBJC_ARC = YES;
				CLANG_ENABLE_OBJC_WEAK = YES;
				CLANG_WARN_BLOCK_CAPTURE_AUTORELEASING = YES;
				CLANG_WARN_BOOL_CONVERSION = YES;
				CLANG_WARN_COMMA = YES;
				CLANG_WARN_CONSTANT_CONVERSION = YES;
				CLANG_WARN_DEPRECATED_OBJC_IMPLEMENTATIONS = YES;
				CLANG_WARN_DIRECT_OBJC_ISA_USAGE = YES_ERROR;
				CLANG_WARN_DOCUMENTATION_COMMENTS = YES;
				CLANG_WARN_EMPTY_BODY = YES;
				CLANG_WARN_ENUM_CONVERSION = YES;
				CLANG_WARN_INFINITE_RECURSION = YES;
				CLANG_WARN_INT_CONVERSION = YES;
				CLANG_WARN_NON_LITERAL_NULL_CONVERSION = YES;
				CLANG_WARN_OBJC_IMPLICIT_RETAIN_SELF = YES;
				CLANG_WARN_OBJC_LITERAL_CONVERSION = YES;
				CLANG_WARN_OBJC_ROOT_CLASS = YES_ERROR;
				CLANG_WARN_QUOTED_INCLUDE_IN_FRAMEWORK_HEADER = YES;
				CLANG_WARN_RANGE_LOOP_ANALYSIS = YES;
				CLANG_WARN_STRICT_PROTOTYPES = YES;
				CLANG_WARN_SUSPICIOUS_MOVE = YES;
				CLANG_WARN_UNGUARDED_AVAILABILITY = YES_AGGRESSIVE;
				CLANG_WARN_UNREACHABLE_CODE = YES;
				CLANG_WARN__DUPLICATE_METHOD_MATCH = YES;
				COPY_PHASE_STRIP = NO;
				DEBUG_INFORMATION_FORMAT = dwarf;
				ENABLE_STRICT_OBJC_MSGSEND = YES;
				ENABLE_TESTABILITY = YES;
				GCC_C_LANGUAGE_STANDARD = gnu11;
				GCC_DYNAMIC_NO_PIC = NO;
				GCC_NO_COMMON_BLOCKS = YES;
				GCC_OPTIMIZATION_LEVEL = 0;
				GCC_PREPROCESSOR_DEFINITIONS = (
					"DEBUG=1",
					"$(inherited)",
				);
				GCC_WARN_64_TO_32_BIT_CONVERSION = YES;
				GCC_WARN_ABOUT_RETURN_TYPE = YES_ERROR;
				GCC_WARN_UNDECLARED_SELECTOR = YES;
				GCC_WARN_UNINITIALIZED_AUTOS = YES_AGGRESSIVE;
				GCC_WARN_UNUSED_FUNCTION = YES;
				GCC_WARN_UNUSED_VARIABLE = YES;
				IPHONEOS_DEPLOYMENT_TARGET = 14.0;
				MTL_ENABLE_DEBUG_INFO = INCLUDE_SOURCE;
				MTL_FAST_MATH = YES;
				ONLY_ACTIVE_ARCH = YES;
				SDKROOT = iphoneos;
				SWIFT_ACTIVE_COMPILATION_CONDITIONS = DEBUG;
				SWIFT_OPTIMIZATION_LEVEL = "-Onone";
			};
			name = Debug;
		};
		DDEBD46024D41EB300623F3F /* Release */ = {
			isa = XCBuildConfiguration;
			buildSettings = {
				ALWAYS_SEARCH_USER_PATHS = NO;
				CLANG_ANALYZER_NONNULL = YES;
				CLANG_ANALYZER_NUMBER_OBJECT_CONVERSION = YES_AGGRESSIVE;
				CLANG_CXX_LANGUAGE_STANDARD = "gnu++14";
				CLANG_CXX_LIBRARY = "libc++";
				CLANG_ENABLE_MODULES = YES;
				CLANG_ENABLE_OBJC_ARC = YES;
				CLANG_ENABLE_OBJC_WEAK = YES;
				CLANG_WARN_BLOCK_CAPTURE_AUTORELEASING = YES;
				CLANG_WARN_BOOL_CONVERSION = YES;
				CLANG_WARN_COMMA = YES;
				CLANG_WARN_CONSTANT_CONVERSION = YES;
				CLANG_WARN_DEPRECATED_OBJC_IMPLEMENTATIONS = YES;
				CLANG_WARN_DIRECT_OBJC_ISA_USAGE = YES_ERROR;
				CLANG_WARN_DOCUMENTATION_COMMENTS = YES;
				CLANG_WARN_EMPTY_BODY = YES;
				CLANG_WARN_ENUM_CONVERSION = YES;
				CLANG_WARN_INFINITE_RECURSION = YES;
				CLANG_WARN_INT_CONVERSION = YES;
				CLANG_WARN_NON_LITERAL_NULL_CONVERSION = YES;
				CLANG_WARN_OBJC_IMPLICIT_RETAIN_SELF = YES;
				CLANG_WARN_OBJC_LITERAL_CONVERSION = YES;
				CLANG_WARN_OBJC_ROOT_CLASS = YES_ERROR;
				CLANG_WARN_QUOTED_INCLUDE_IN_FRAMEWORK_HEADER = YES;
				CLANG_WARN_RANGE_LOOP_ANALYSIS = YES;
				CLANG_WARN_STRICT_PROTOTYPES = YES;
				CLANG_WARN_SUSPICIOUS_MOVE = YES;
				CLANG_WARN_UNGUARDED_AVAILABILITY = YES_AGGRESSIVE;
				CLANG_WARN_UNREACHABLE_CODE = YES;
				CLANG_WARN__DUPLICATE_METHOD_MATCH = YES;
				COPY_PHASE_STRIP = NO;
				DEBUG_INFORMATION_FORMAT = "dwarf-with-dsym";
				ENABLE_NS_ASSERTIONS = NO;
				ENABLE_STRICT_OBJC_MSGSEND = YES;
				GCC_C_LANGUAGE_STANDARD = gnu11;
				GCC_NO_COMMON_BLOCKS = YES;
				GCC_WARN_64_TO_32_BIT_CONVERSION = YES;
				GCC_WARN_ABOUT_RETURN_TYPE = YES_ERROR;
				GCC_WARN_UNDECLARED_SELECTOR = YES;
				GCC_WARN_UNINITIALIZED_AUTOS = YES_AGGRESSIVE;
				GCC_WARN_UNUSED_FUNCTION = YES;
				GCC_WARN_UNUSED_VARIABLE = YES;
				IPHONEOS_DEPLOYMENT_TARGET = 14.0;
				MTL_ENABLE_DEBUG_INFO = NO;
				MTL_FAST_MATH = YES;
				SDKROOT = iphoneos;
				SWIFT_COMPILATION_MODE = wholemodule;
				SWIFT_OPTIMIZATION_LEVEL = "-O";
				VALIDATE_PRODUCT = YES;
			};
			name = Release;
		};
		DDEBD46224D41EB300623F3F /* Debug */ = {
			isa = XCBuildConfiguration;
			baseConfigurationReference = F2F3BEED351242099F3BE14F /* Pods-NetworkArch.debug.xcconfig */;
			buildSettings = {
				ASSETCATALOG_COMPILER_APPICON_NAME = AppIcon;
				ASSETCATALOG_COMPILER_GLOBAL_ACCENT_COLOR_NAME = AccentColor;
				CLANG_ENABLE_MODULES = YES;
				CODE_SIGN_ENTITLEMENTS = NetworkArch/NetworkArch.entitlements;
				CODE_SIGN_STYLE = Automatic;
				CURRENT_PROJECT_VERSION = 1;
				DEVELOPMENT_ASSET_PATHS = "\"NetworkArch/Preview Content\"";
				DEVELOPMENT_TEAM = BH7H9XV2FA;
				ENABLE_PREVIEWS = YES;
				INFOPLIST_FILE = NetworkArch/Info.plist;
				IPHONEOS_DEPLOYMENT_TARGET = 14.0;
				LD_RUNPATH_SEARCH_PATHS = (
					"$(inherited)",
					"@executable_path/Frameworks",
				);
				MARKETING_VERSION = 1.1;
				PRODUCT_BUNDLE_IDENTIFIER = com.HubertJozwiak.NetworkArch;
				PRODUCT_NAME = "$(TARGET_NAME)";
				SWIFT_OBJC_BRIDGING_HEADER = "NetworkArch/NetworkArch-Bridging-Header.h";
				SWIFT_OPTIMIZATION_LEVEL = "-Onone";
				SWIFT_VERSION = 5.0;
				TARGETED_DEVICE_FAMILY = "1,2";
			};
			name = Debug;
		};
		DDEBD46324D41EB300623F3F /* Release */ = {
			isa = XCBuildConfiguration;
			baseConfigurationReference = 64F178D1D6D80E7817EC27BE /* Pods-NetworkArch.release.xcconfig */;
			buildSettings = {
				ASSETCATALOG_COMPILER_APPICON_NAME = AppIcon;
				ASSETCATALOG_COMPILER_GLOBAL_ACCENT_COLOR_NAME = AccentColor;
				CLANG_ENABLE_MODULES = YES;
				CODE_SIGN_ENTITLEMENTS = NetworkArch/NetworkArch.entitlements;
				CODE_SIGN_STYLE = Automatic;
				CURRENT_PROJECT_VERSION = 1;
				DEVELOPMENT_ASSET_PATHS = "\"NetworkArch/Preview Content\"";
				DEVELOPMENT_TEAM = BH7H9XV2FA;
				ENABLE_PREVIEWS = YES;
				INFOPLIST_FILE = NetworkArch/Info.plist;
				IPHONEOS_DEPLOYMENT_TARGET = 14.0;
				LD_RUNPATH_SEARCH_PATHS = (
					"$(inherited)",
					"@executable_path/Frameworks",
				);
				MARKETING_VERSION = 1.1;
				PRODUCT_BUNDLE_IDENTIFIER = com.HubertJozwiak.NetworkArch;
				PRODUCT_NAME = "$(TARGET_NAME)";
				SWIFT_OBJC_BRIDGING_HEADER = "NetworkArch/NetworkArch-Bridging-Header.h";
				SWIFT_VERSION = 5.0;
				TARGETED_DEVICE_FAMILY = "1,2";
			};
			name = Release;
		};
		DDEBD46524D41EB300623F3F /* Debug */ = {
			isa = XCBuildConfiguration;
			baseConfigurationReference = 9879EADCD3D1DD9153843A74 /* Pods-NetworkArchTests.debug.xcconfig */;
			buildSettings = {
				ALWAYS_EMBED_SWIFT_STANDARD_LIBRARIES = YES;
				BUNDLE_LOADER = "$(TEST_HOST)";
				CODE_SIGN_STYLE = Automatic;
				DEVELOPMENT_TEAM = BH7H9XV2FA;
				INFOPLIST_FILE = NetworkArchTests/Info.plist;
				IPHONEOS_DEPLOYMENT_TARGET = 14.0;
				LD_RUNPATH_SEARCH_PATHS = (
					"$(inherited)",
					"@executable_path/Frameworks",
					"@loader_path/Frameworks",
				);
				PRODUCT_BUNDLE_IDENTIFIER = com.HubertJozwiak.NetworkArchTests;
				PRODUCT_NAME = "$(TARGET_NAME)";
				SWIFT_VERSION = 5.0;
				TARGETED_DEVICE_FAMILY = "1,2";
				TEST_HOST = "$(BUILT_PRODUCTS_DIR)/NetworkArch.app/NetworkArch";
			};
			name = Debug;
		};
		DDEBD46624D41EB300623F3F /* Release */ = {
			isa = XCBuildConfiguration;
			baseConfigurationReference = 462BE87EFBD8789972E8D41D /* Pods-NetworkArchTests.release.xcconfig */;
			buildSettings = {
				ALWAYS_EMBED_SWIFT_STANDARD_LIBRARIES = YES;
				BUNDLE_LOADER = "$(TEST_HOST)";
				CODE_SIGN_STYLE = Automatic;
				DEVELOPMENT_TEAM = BH7H9XV2FA;
				INFOPLIST_FILE = NetworkArchTests/Info.plist;
				IPHONEOS_DEPLOYMENT_TARGET = 14.0;
				LD_RUNPATH_SEARCH_PATHS = (
					"$(inherited)",
					"@executable_path/Frameworks",
					"@loader_path/Frameworks",
				);
				PRODUCT_BUNDLE_IDENTIFIER = com.HubertJozwiak.NetworkArchTests;
				PRODUCT_NAME = "$(TARGET_NAME)";
				SWIFT_VERSION = 5.0;
				TARGETED_DEVICE_FAMILY = "1,2";
				TEST_HOST = "$(BUILT_PRODUCTS_DIR)/NetworkArch.app/NetworkArch";
			};
			name = Release;
		};
		DDEBD46824D41EB300623F3F /* Debug */ = {
			isa = XCBuildConfiguration;
			baseConfigurationReference = 36DB0CE4ED101923E014325F /* Pods-NetworkArch-NetworkArchUITests.debug.xcconfig */;
			buildSettings = {
				ALWAYS_EMBED_SWIFT_STANDARD_LIBRARIES = YES;
				CODE_SIGN_STYLE = Automatic;
				DEVELOPMENT_TEAM = BH7H9XV2FA;
				INFOPLIST_FILE = NetworkArchUITests/Info.plist;
				LD_RUNPATH_SEARCH_PATHS = (
					"$(inherited)",
					"@executable_path/Frameworks",
					"@loader_path/Frameworks",
				);
				PRODUCT_BUNDLE_IDENTIFIER = com.HubertJozwiak.NetworkArchUITests;
				PRODUCT_NAME = "$(TARGET_NAME)";
				SWIFT_VERSION = 5.0;
				TARGETED_DEVICE_FAMILY = "1,2";
				TEST_TARGET_NAME = NetworkArch;
			};
			name = Debug;
		};
		DDEBD46924D41EB300623F3F /* Release */ = {
			isa = XCBuildConfiguration;
			baseConfigurationReference = 9F5857EAAB08097255033211 /* Pods-NetworkArch-NetworkArchUITests.release.xcconfig */;
			buildSettings = {
				ALWAYS_EMBED_SWIFT_STANDARD_LIBRARIES = YES;
				CODE_SIGN_STYLE = Automatic;
				DEVELOPMENT_TEAM = BH7H9XV2FA;
				INFOPLIST_FILE = NetworkArchUITests/Info.plist;
				LD_RUNPATH_SEARCH_PATHS = (
					"$(inherited)",
					"@executable_path/Frameworks",
					"@loader_path/Frameworks",
				);
				PRODUCT_BUNDLE_IDENTIFIER = com.HubertJozwiak.NetworkArchUITests;
				PRODUCT_NAME = "$(TARGET_NAME)";
				SWIFT_VERSION = 5.0;
				TARGETED_DEVICE_FAMILY = "1,2";
				TEST_TARGET_NAME = NetworkArch;
			};
			name = Release;
		};
/* End XCBuildConfiguration section */

/* Begin XCConfigurationList section */
		DDEBD43724D41EB100623F3F /* Build configuration list for PBXProject "NetworkArch" */ = {
			isa = XCConfigurationList;
			buildConfigurations = (
				DDEBD45F24D41EB300623F3F /* Debug */,
				DDEBD46024D41EB300623F3F /* Release */,
			);
			defaultConfigurationIsVisible = 0;
			defaultConfigurationName = Release;
		};
		DDEBD46124D41EB300623F3F /* Build configuration list for PBXNativeTarget "NetworkArch" */ = {
			isa = XCConfigurationList;
			buildConfigurations = (
				DDEBD46224D41EB300623F3F /* Debug */,
				DDEBD46324D41EB300623F3F /* Release */,
			);
			defaultConfigurationIsVisible = 0;
			defaultConfigurationName = Release;
		};
		DDEBD46424D41EB300623F3F /* Build configuration list for PBXNativeTarget "NetworkArchTests" */ = {
			isa = XCConfigurationList;
			buildConfigurations = (
				DDEBD46524D41EB300623F3F /* Debug */,
				DDEBD46624D41EB300623F3F /* Release */,
			);
			defaultConfigurationIsVisible = 0;
			defaultConfigurationName = Release;
		};
		DDEBD46724D41EB300623F3F /* Build configuration list for PBXNativeTarget "NetworkArchUITests" */ = {
			isa = XCConfigurationList;
			buildConfigurations = (
				DDEBD46824D41EB300623F3F /* Debug */,
				DDEBD46924D41EB300623F3F /* Release */,
			);
			defaultConfigurationIsVisible = 0;
			defaultConfigurationName = Release;
		};
/* End XCConfigurationList section */

/* Begin XCRemoteSwiftPackageReference section */
		DD64A9CA25164DCD006BFE9F /* XCRemoteSwiftPackageReference "swift-netutils" */ = {
			isa = XCRemoteSwiftPackageReference;
			repositoryURL = "https://github.com/ivirtex/swift-netutils.git";
			requirement = {
				kind = upToNextMajorVersion;
				minimumVersion = 4.1.0;
			};
		};
		DD953A32253107CB002C3F12 /* XCRemoteSwiftPackageReference "ChartView" */ = {
			isa = XCRemoteSwiftPackageReference;
			repositoryURL = "https://github.com/AppPear/ChartView";
			requirement = {
				kind = upToNextMajorVersion;
				minimumVersion = 1.5.4;
			};
		};
/* End XCRemoteSwiftPackageReference section */

/* Begin XCSwiftPackageProductDependency section */
		DD64A9CB25164DCD006BFE9F /* NetUtils */ = {
			isa = XCSwiftPackageProductDependency;
			package = DD64A9CA25164DCD006BFE9F /* XCRemoteSwiftPackageReference "swift-netutils" */;
			productName = NetUtils;
		};
		DD953A33253107CB002C3F12 /* SwiftUICharts */ = {
			isa = XCSwiftPackageProductDependency;
			package = DD953A32253107CB002C3F12 /* XCRemoteSwiftPackageReference "ChartView" */;
			productName = SwiftUICharts;
		};
/* End XCSwiftPackageProductDependency section */
	};
	rootObject = DDEBD43424D41EB100623F3F /* Project object */;
}
